// !$*UTF8*$!
{
	archiveVersion = 1;
	classes = {
	};
	objectVersion = 46;
	objects = {

/* Begin PBXBuildFile section */
		C2C23FCEF18EA316535B66DC /* libPods.a in Frameworks */ = {isa = PBXBuildFile; fileRef = DC4B92414FD761527F22666A /* libPods.a */; };
		DE124AB71A4B516B00337342 /* mock_top_stories.json in Resources */ = {isa = PBXBuildFile; fileRef = DE124AB61A4B516B00337342 /* mock_top_stories.json */; };
		DE124AB81A4B516B00337342 /* mock_top_stories.json in Resources */ = {isa = PBXBuildFile; fileRef = DE124AB61A4B516B00337342 /* mock_top_stories.json */; };
		DE124ABC1A4B537B00337342 /* DDDDataServices.m in Sources */ = {isa = PBXBuildFile; fileRef = DE124ABB1A4B537B00337342 /* DDDDataServices.m */; };
		DE124ABD1A4B537B00337342 /* DDDDataServices.m in Sources */ = {isa = PBXBuildFile; fileRef = DE124ABB1A4B537B00337342 /* DDDDataServices.m */; };
		DE124AC01A4B570400337342 /* DDDMockDataServices.m in Sources */ = {isa = PBXBuildFile; fileRef = DE124ABF1A4B570400337342 /* DDDMockDataServices.m */; };
		DE124AF91A4BBECA00337342 /* DDDWebViewCollectionViewCell.m in Sources */ = {isa = PBXBuildFile; fileRef = DE124AF71A4BBECA00337342 /* DDDWebViewCollectionViewCell.m */; };
		DE124AFA1A4BBECA00337342 /* DDDWebViewCollectionViewCell.xib in Resources */ = {isa = PBXBuildFile; fileRef = DE124AF81A4BBECA00337342 /* DDDWebViewCollectionViewCell.xib */; };
		DE124AFD1A4BC79C00337342 /* DDDTopStoriesPushAnimator.m in Sources */ = {isa = PBXBuildFile; fileRef = DE124AFC1A4BC79C00337342 /* DDDTopStoriesPushAnimator.m */; };
		DE3127DB1A1ADC160020DB40 /* DDDViewController.m in Sources */ = {isa = PBXBuildFile; fileRef = DE3127DA1A1ADC160020DB40 /* DDDViewController.m */; };
		DE3127DE1A1ADC380020DB40 /* DDDViewModel.m in Sources */ = {isa = PBXBuildFile; fileRef = DE3127DD1A1ADC380020DB40 /* DDDViewModel.m */; };
		DE3127E31A1AE9820020DB40 /* NSMutableArray+Modification.m in Sources */ = {isa = PBXBuildFile; fileRef = DE3127E01A1AE9820020DB40 /* NSMutableArray+Modification.m */; };
		DE3127E41A1AE9820020DB40 /* UIView+SSAdditions.m in Sources */ = {isa = PBXBuildFile; fileRef = DE3127E21A1AE9820020DB40 /* UIView+SSAdditions.m */; };
		DE3127E71A1AE9B00020DB40 /* DDDModel.m in Sources */ = {isa = PBXBuildFile; fileRef = DE3127E61A1AE9B00020DB40 /* DDDModel.m */; };
		DE3128071A1EE4D70020DB40 /* mock_story.json in Resources */ = {isa = PBXBuildFile; fileRef = DE3128031A1EE4D70020DB40 /* mock_story.json */; };
		DE3128081A1EE4D70020DB40 /* mock_comment.json in Resources */ = {isa = PBXBuildFile; fileRef = DE3128041A1EE4D70020DB40 /* mock_comment.json */; };
		DE3128091A1EE4D70020DB40 /* mock_poll.json in Resources */ = {isa = PBXBuildFile; fileRef = DE3128051A1EE4D70020DB40 /* mock_poll.json */; };
		DE31280A1A1EE4D70020DB40 /* DDDHackerNewsItemTests.m in Sources */ = {isa = PBXBuildFile; fileRef = DE3128061A1EE4D70020DB40 /* DDDHackerNewsItemTests.m */; };
		DE31280D1A1EE4E20020DB40 /* DDDHackerNewsComment.m in Sources */ = {isa = PBXBuildFile; fileRef = DE31280C1A1EE4E20020DB40 /* DDDHackerNewsComment.m */; };
		DE3962561A2BB9A2009EEB82 /* DDDStoryDetailTransitionModel.m in Sources */ = {isa = PBXBuildFile; fileRef = DE3962551A2BB9A2009EEB82 /* DDDStoryDetailTransitionModel.m */; };
		DE475D931A1ADB1600970E87 /* main.m in Sources */ = {isa = PBXBuildFile; fileRef = DE475D921A1ADB1600970E87 /* main.m */; };
		DE475D961A1ADB1600970E87 /* AppDelegate.m in Sources */ = {isa = PBXBuildFile; fileRef = DE475D951A1ADB1600970E87 /* AppDelegate.m */; };
		DE475D9C1A1ADB1600970E87 /* Main.storyboard in Resources */ = {isa = PBXBuildFile; fileRef = DE475D9A1A1ADB1600970E87 /* Main.storyboard */; };
		DE475D9E1A1ADB1600970E87 /* Images.xcassets in Resources */ = {isa = PBXBuildFile; fileRef = DE475D9D1A1ADB1600970E87 /* Images.xcassets */; };
		DE475DA11A1ADB1600970E87 /* LaunchScreen.xib in Resources */ = {isa = PBXBuildFile; fileRef = DE475D9F1A1ADB1600970E87 /* LaunchScreen.xib */; };
		DE62AC371A1EE8FF00692CB8 /* DDDMock.m in Sources */ = {isa = PBXBuildFile; fileRef = DE62AC361A1EE8FF00692CB8 /* DDDMock.m */; };
		DE62AC381A1EE98600692CB8 /* mock_story.json in Resources */ = {isa = PBXBuildFile; fileRef = DE3128031A1EE4D70020DB40 /* mock_story.json */; };
		DE62AC391A1EE98600692CB8 /* mock_comment.json in Resources */ = {isa = PBXBuildFile; fileRef = DE3128041A1EE4D70020DB40 /* mock_comment.json */; };
		DE62AC3A1A1EE98600692CB8 /* mock_poll.json in Resources */ = {isa = PBXBuildFile; fileRef = DE3128051A1EE4D70020DB40 /* mock_poll.json */; };
		DE62AC3D1A20F4DF00692CB8 /* NSObject+Introspection.m in Sources */ = {isa = PBXBuildFile; fileRef = DE62AC3C1A20F4DF00692CB8 /* NSObject+Introspection.m */; };
		DE62AC481A20FD5300692CB8 /* DDDLiveDataServices.m in Sources */ = {isa = PBXBuildFile; fileRef = DE62AC461A20FD5300692CB8 /* DDDLiveDataServices.m */; };
		DE62AC491A20FD5300692CB8 /* ServicesConfiguration.json in Resources */ = {isa = PBXBuildFile; fileRef = DE62AC471A20FD5300692CB8 /* ServicesConfiguration.json */; };
		DE62AC4D1A21010200692CB8 /* Configuration.json in Resources */ = {isa = PBXBuildFile; fileRef = DE62AC4C1A21010200692CB8 /* Configuration.json */; };
		DE62AC501A21303100692CB8 /* NSDictionary+DDDAdditions.m in Sources */ = {isa = PBXBuildFile; fileRef = DE62AC4F1A21303100692CB8 /* NSDictionary+DDDAdditions.m */; };
		DE62AC531A213D5F00692CB8 /* DDDHackernewsItemResponseSerializer.m in Sources */ = {isa = PBXBuildFile; fileRef = DE62AC521A213D5F00692CB8 /* DDDHackernewsItemResponseSerializer.m */; };
		DE62AC571A224CCA00692CB8 /* DDDViewControllerRouter.m in Sources */ = {isa = PBXBuildFile; fileRef = DE62AC561A224CCA00692CB8 /* DDDViewControllerRouter.m */; };
		DE663FA41A26CD6100E80DA7 /* DDDCollectionViewCell.m in Sources */ = {isa = PBXBuildFile; fileRef = DE663FA31A26CD6100E80DA7 /* DDDCollectionViewCell.m */; };
		DE663FA71A26D0DB00E80DA7 /* NSDate+Utility.m in Sources */ = {isa = PBXBuildFile; fileRef = DE663FA61A26D0DB00E80DA7 /* NSDate+Utility.m */; };
		DE6EB7171A2D6A160077FDF4 /* DDDHackerNewsItemCollectionViewCell.m in Sources */ = {isa = PBXBuildFile; fileRef = DE6EB7161A2D6A160077FDF4 /* DDDHackerNewsItemCollectionViewCell.m */; };
		DE6EB7191A2D6A310077FDF4 /* DDDHackerNewsItemCollectionViewCell.xib in Resources */ = {isa = PBXBuildFile; fileRef = DE6EB7181A2D6A310077FDF4 /* DDDHackerNewsItemCollectionViewCell.xib */; };
		DE9517E41A23E2B90068FAD8 /* DDDTopStoriesViewModel.m in Sources */ = {isa = PBXBuildFile; fileRef = DE9517E31A23E2B90068FAD8 /* DDDTopStoriesViewModel.m */; };
		DE9517E71A23E9510068FAD8 /* DDDArrayInsertionDeletion.m in Sources */ = {isa = PBXBuildFile; fileRef = DE9517E61A23E9510068FAD8 /* DDDArrayInsertionDeletion.m */; };
		DE9665B11A26DF4700A40A1A /* DDDHackerNewsItem.m in Sources */ = {isa = PBXBuildFile; fileRef = DE9665B01A26DF4700A40A1A /* DDDHackerNewsItem.m */; };
		DE9665C11A2A2E7B00A40A1A /* DDDBouncyFlowLayout.m in Sources */ = {isa = PBXBuildFile; fileRef = DE9665C01A2A2E7B00A40A1A /* DDDBouncyFlowLayout.m */; };
		DEB09D0B1A2258E90021A933 /* DDDScreen.m in Sources */ = {isa = PBXBuildFile; fileRef = DEB09D0A1A2258E90021A933 /* DDDScreen.m */; };
		DEB09D0E1A225D190021A933 /* DDDTransitionAttributes.m in Sources */ = {isa = PBXBuildFile; fileRef = DEB09D0D1A225D190021A933 /* DDDTransitionAttributes.m */; };
		DEC57A741A2AA11300D89A96 /* DetailStoryboard.storyboard in Resources */ = {isa = PBXBuildFile; fileRef = DEC57A731A2AA11300D89A96 /* DetailStoryboard.storyboard */; };
		DEC57A7A1A2AA1F000D89A96 /* DDDStoryDetailViewController.m in Sources */ = {isa = PBXBuildFile; fileRef = DEC57A791A2AA1F000D89A96 /* DDDStoryDetailViewController.m */; };
		DEC57A7E1A2AA33F00D89A96 /* DDDStoryDetailViewModel.m in Sources */ = {isa = PBXBuildFile; fileRef = DEC57A7D1A2AA33F00D89A96 /* DDDStoryDetailViewModel.m */; };
		DEE038EC1A2293DA00979793 /* DDDMainViewController.m in Sources */ = {isa = PBXBuildFile; fileRef = DEE038EB1A2293DA00979793 /* DDDMainViewController.m */; };
		DEE038EE1A2294AE00979793 /* DDDReactiveServicesTests.m in Sources */ = {isa = PBXBuildFile; fileRef = DEE038ED1A2294AE00979793 /* DDDReactiveServicesTests.m */; };
		DEE038EF1A229CCE00979793 /* ServicesConfiguration.json in Resources */ = {isa = PBXBuildFile; fileRef = DE62AC471A20FD5300692CB8 /* ServicesConfiguration.json */; };
		DEE038F01A229CCE00979793 /* Configuration.json in Resources */ = {isa = PBXBuildFile; fileRef = DE62AC4C1A21010200692CB8 /* Configuration.json */; };
		DEE038F31A22EF7200979793 /* DDDContentViewController.m in Sources */ = {isa = PBXBuildFile; fileRef = DEE038F21A22EF7200979793 /* DDDContentViewController.m */; };
		DEE038F61A22EFD300979793 /* DDDTopStoriesViewController.m in Sources */ = {isa = PBXBuildFile; fileRef = DEE038F51A22EFD300979793 /* DDDTopStoriesViewController.m */; };
		DEE038FB1A22F10A00979793 /* TopStoriesStoryboard.storyboard in Resources */ = {isa = PBXBuildFile; fileRef = DEE038FA1A22F10A00979793 /* TopStoriesStoryboard.storyboard */; };
/* End PBXBuildFile section */

/* Begin PBXContainerItemProxy section */
		DE475DA71A1ADB1600970E87 /* PBXContainerItemProxy */ = {
			isa = PBXContainerItemProxy;
			containerPortal = DE475D851A1ADB1600970E87 /* Project object */;
			proxyType = 1;
			remoteGlobalIDString = DE475D8C1A1ADB1600970E87;
			remoteInfo = Hakken;
		};
/* End PBXContainerItemProxy section */

/* Begin PBXFileReference section */
		17E13FDE2A17657834EED75B /* Pods.debug.xcconfig */ = {isa = PBXFileReference; includeInIndex = 1; lastKnownFileType = text.xcconfig; name = Pods.debug.xcconfig; path = "Pods/Target Support Files/Pods/Pods.debug.xcconfig"; sourceTree = "<group>"; };
		3E05C83E7EC8DC7CD175FE1B /* Pods.release.xcconfig */ = {isa = PBXFileReference; includeInIndex = 1; lastKnownFileType = text.xcconfig; name = Pods.release.xcconfig; path = "Pods/Target Support Files/Pods/Pods.release.xcconfig"; sourceTree = "<group>"; };
		DC4B92414FD761527F22666A /* libPods.a */ = {isa = PBXFileReference; explicitFileType = archive.ar; includeInIndex = 0; path = libPods.a; sourceTree = BUILT_PRODUCTS_DIR; };
		DE124AB61A4B516B00337342 /* mock_top_stories.json */ = {isa = PBXFileReference; fileEncoding = 4; lastKnownFileType = text.json; path = mock_top_stories.json; sourceTree = "<group>"; };
		DE124AB91A4B526A00337342 /* DDDServices.h */ = {isa = PBXFileReference; fileEncoding = 4; lastKnownFileType = sourcecode.c.h; path = DDDServices.h; sourceTree = "<group>"; };
		DE124ABA1A4B537B00337342 /* DDDDataServices.h */ = {isa = PBXFileReference; fileEncoding = 4; lastKnownFileType = sourcecode.c.h; path = DDDDataServices.h; sourceTree = "<group>"; };
		DE124ABB1A4B537B00337342 /* DDDDataServices.m */ = {isa = PBXFileReference; fileEncoding = 4; lastKnownFileType = sourcecode.c.objc; path = DDDDataServices.m; sourceTree = "<group>"; };
		DE124ABE1A4B570400337342 /* DDDMockDataServices.h */ = {isa = PBXFileReference; fileEncoding = 4; lastKnownFileType = sourcecode.c.h; path = DDDMockDataServices.h; sourceTree = "<group>"; };
		DE124ABF1A4B570400337342 /* DDDMockDataServices.m */ = {isa = PBXFileReference; fileEncoding = 4; lastKnownFileType = sourcecode.c.objc; path = DDDMockDataServices.m; sourceTree = "<group>"; };
		DE124AF61A4BBECA00337342 /* DDDWebViewCollectionViewCell.h */ = {isa = PBXFileReference; fileEncoding = 4; lastKnownFileType = sourcecode.c.h; path = DDDWebViewCollectionViewCell.h; sourceTree = "<group>"; };
		DE124AF71A4BBECA00337342 /* DDDWebViewCollectionViewCell.m */ = {isa = PBXFileReference; fileEncoding = 4; lastKnownFileType = sourcecode.c.objc; path = DDDWebViewCollectionViewCell.m; sourceTree = "<group>"; };
		DE124AF81A4BBECA00337342 /* DDDWebViewCollectionViewCell.xib */ = {isa = PBXFileReference; fileEncoding = 4; lastKnownFileType = file.xib; path = DDDWebViewCollectionViewCell.xib; sourceTree = "<group>"; };
		DE124AFB1A4BC79C00337342 /* DDDTopStoriesPushAnimator.h */ = {isa = PBXFileReference; fileEncoding = 4; lastKnownFileType = sourcecode.c.h; path = DDDTopStoriesPushAnimator.h; sourceTree = "<group>"; };
		DE124AFC1A4BC79C00337342 /* DDDTopStoriesPushAnimator.m */ = {isa = PBXFileReference; fileEncoding = 4; lastKnownFileType = sourcecode.c.objc; path = DDDTopStoriesPushAnimator.m; sourceTree = "<group>"; };
		DE3127D91A1ADC160020DB40 /* DDDViewController.h */ = {isa = PBXFileReference; fileEncoding = 4; lastKnownFileType = sourcecode.c.h; path = DDDViewController.h; sourceTree = "<group>"; };
		DE3127DA1A1ADC160020DB40 /* DDDViewController.m */ = {isa = PBXFileReference; fileEncoding = 4; lastKnownFileType = sourcecode.c.objc; path = DDDViewController.m; sourceTree = "<group>"; };
		DE3127DC1A1ADC380020DB40 /* DDDViewModel.h */ = {isa = PBXFileReference; fileEncoding = 4; lastKnownFileType = sourcecode.c.h; path = DDDViewModel.h; sourceTree = "<group>"; };
		DE3127DD1A1ADC380020DB40 /* DDDViewModel.m */ = {isa = PBXFileReference; fileEncoding = 4; lastKnownFileType = sourcecode.c.objc; path = DDDViewModel.m; sourceTree = "<group>"; };
		DE3127DF1A1AE9820020DB40 /* NSMutableArray+Modification.h */ = {isa = PBXFileReference; fileEncoding = 4; lastKnownFileType = sourcecode.c.h; path = "NSMutableArray+Modification.h"; sourceTree = "<group>"; };
		DE3127E01A1AE9820020DB40 /* NSMutableArray+Modification.m */ = {isa = PBXFileReference; fileEncoding = 4; lastKnownFileType = sourcecode.c.objc; path = "NSMutableArray+Modification.m"; sourceTree = "<group>"; };
		DE3127E11A1AE9820020DB40 /* UIView+SSAdditions.h */ = {isa = PBXFileReference; fileEncoding = 4; lastKnownFileType = sourcecode.c.h; path = "UIView+SSAdditions.h"; sourceTree = "<group>"; };
		DE3127E21A1AE9820020DB40 /* UIView+SSAdditions.m */ = {isa = PBXFileReference; fileEncoding = 4; lastKnownFileType = sourcecode.c.objc; path = "UIView+SSAdditions.m"; sourceTree = "<group>"; };
		DE3127E51A1AE9B00020DB40 /* DDDModel.h */ = {isa = PBXFileReference; fileEncoding = 4; lastKnownFileType = sourcecode.c.h; path = DDDModel.h; sourceTree = "<group>"; };
		DE3127E61A1AE9B00020DB40 /* DDDModel.m */ = {isa = PBXFileReference; fileEncoding = 4; lastKnownFileType = sourcecode.c.objc; path = DDDModel.m; sourceTree = "<group>"; };
		DE3127E91A1AEC0A0020DB40 /* Hakken-Prefix.pch */ = {isa = PBXFileReference; fileEncoding = 4; lastKnownFileType = sourcecode.c.h; path = "Hakken-Prefix.pch"; sourceTree = "<group>"; };
		DE3127EA1A1AEC3A0020DB40 /* DDDHelpers.h */ = {isa = PBXFileReference; fileEncoding = 4; lastKnownFileType = sourcecode.c.h; path = DDDHelpers.h; sourceTree = "<group>"; };
		DE3127EB1A1AEC3A0020DB40 /* DDDCategories.h */ = {isa = PBXFileReference; fileEncoding = 4; lastKnownFileType = sourcecode.c.h; path = DDDCategories.h; sourceTree = "<group>"; };
		DE3128031A1EE4D70020DB40 /* mock_story.json */ = {isa = PBXFileReference; fileEncoding = 4; lastKnownFileType = text.json; path = mock_story.json; sourceTree = "<group>"; };
		DE3128041A1EE4D70020DB40 /* mock_comment.json */ = {isa = PBXFileReference; fileEncoding = 4; lastKnownFileType = text.json; path = mock_comment.json; sourceTree = "<group>"; };
		DE3128051A1EE4D70020DB40 /* mock_poll.json */ = {isa = PBXFileReference; fileEncoding = 4; lastKnownFileType = text.json; path = mock_poll.json; sourceTree = "<group>"; };
		DE3128061A1EE4D70020DB40 /* DDDHackerNewsItemTests.m */ = {isa = PBXFileReference; fileEncoding = 4; lastKnownFileType = sourcecode.c.objc; path = DDDHackerNewsItemTests.m; sourceTree = "<group>"; };
		DE31280B1A1EE4E20020DB40 /* DDDHackerNewsComment.h */ = {isa = PBXFileReference; fileEncoding = 4; lastKnownFileType = sourcecode.c.h; path = DDDHackerNewsComment.h; sourceTree = "<group>"; };
		DE31280C1A1EE4E20020DB40 /* DDDHackerNewsComment.m */ = {isa = PBXFileReference; fileEncoding = 4; lastKnownFileType = sourcecode.c.objc; path = DDDHackerNewsComment.m; sourceTree = "<group>"; };
		DE3962541A2BB9A2009EEB82 /* DDDStoryDetailTransitionModel.h */ = {isa = PBXFileReference; fileEncoding = 4; lastKnownFileType = sourcecode.c.h; path = DDDStoryDetailTransitionModel.h; sourceTree = "<group>"; };
		DE3962551A2BB9A2009EEB82 /* DDDStoryDetailTransitionModel.m */ = {isa = PBXFileReference; fileEncoding = 4; lastKnownFileType = sourcecode.c.objc; path = DDDStoryDetailTransitionModel.m; sourceTree = "<group>"; };
		DE475D8D1A1ADB1600970E87 /* Hakken.app */ = {isa = PBXFileReference; explicitFileType = wrapper.application; includeInIndex = 0; path = Hakken.app; sourceTree = BUILT_PRODUCTS_DIR; };
		DE475D911A1ADB1600970E87 /* Info.plist */ = {isa = PBXFileReference; lastKnownFileType = text.plist.xml; path = Info.plist; sourceTree = "<group>"; };
		DE475D921A1ADB1600970E87 /* main.m */ = {isa = PBXFileReference; lastKnownFileType = sourcecode.c.objc; path = main.m; sourceTree = "<group>"; };
		DE475D941A1ADB1600970E87 /* AppDelegate.h */ = {isa = PBXFileReference; lastKnownFileType = sourcecode.c.h; path = AppDelegate.h; sourceTree = "<group>"; };
		DE475D951A1ADB1600970E87 /* AppDelegate.m */ = {isa = PBXFileReference; lastKnownFileType = sourcecode.c.objc; path = AppDelegate.m; sourceTree = "<group>"; };
		DE475D9B1A1ADB1600970E87 /* Base */ = {isa = PBXFileReference; lastKnownFileType = file.storyboard; name = Base; path = Base.lproj/Main.storyboard; sourceTree = "<group>"; };
		DE475D9D1A1ADB1600970E87 /* Images.xcassets */ = {isa = PBXFileReference; lastKnownFileType = folder.assetcatalog; path = Images.xcassets; sourceTree = "<group>"; };
		DE475DA01A1ADB1600970E87 /* Base */ = {isa = PBXFileReference; lastKnownFileType = file.xib; name = Base; path = Base.lproj/LaunchScreen.xib; sourceTree = "<group>"; };
		DE475DA61A1ADB1600970E87 /* HakkenTests.xctest */ = {isa = PBXFileReference; explicitFileType = wrapper.cfbundle; includeInIndex = 0; path = HakkenTests.xctest; sourceTree = BUILT_PRODUCTS_DIR; };
		DE475DAB1A1ADB1600970E87 /* Info.plist */ = {isa = PBXFileReference; lastKnownFileType = text.plist.xml; path = Info.plist; sourceTree = "<group>"; };
		DE62AC351A1EE8FF00692CB8 /* DDDMock.h */ = {isa = PBXFileReference; fileEncoding = 4; lastKnownFileType = sourcecode.c.h; path = DDDMock.h; sourceTree = "<group>"; };
		DE62AC361A1EE8FF00692CB8 /* DDDMock.m */ = {isa = PBXFileReference; fileEncoding = 4; lastKnownFileType = sourcecode.c.objc; path = DDDMock.m; sourceTree = "<group>"; };
		DE62AC3B1A20F4DF00692CB8 /* NSObject+Introspection.h */ = {isa = PBXFileReference; fileEncoding = 4; lastKnownFileType = sourcecode.c.h; path = "NSObject+Introspection.h"; sourceTree = "<group>"; };
		DE62AC3C1A20F4DF00692CB8 /* NSObject+Introspection.m */ = {isa = PBXFileReference; fileEncoding = 4; lastKnownFileType = sourcecode.c.objc; path = "NSObject+Introspection.m"; sourceTree = "<group>"; };
		DE62AC451A20FD5300692CB8 /* DDDLiveDataServices.h */ = {isa = PBXFileReference; fileEncoding = 4; lastKnownFileType = sourcecode.c.h; path = DDDLiveDataServices.h; sourceTree = "<group>"; };
		DE62AC461A20FD5300692CB8 /* DDDLiveDataServices.m */ = {isa = PBXFileReference; fileEncoding = 4; lastKnownFileType = sourcecode.c.objc; path = DDDLiveDataServices.m; sourceTree = "<group>"; };
		DE62AC471A20FD5300692CB8 /* ServicesConfiguration.json */ = {isa = PBXFileReference; fileEncoding = 4; lastKnownFileType = text.json; path = ServicesConfiguration.json; sourceTree = "<group>"; };
		DE62AC4C1A21010200692CB8 /* Configuration.json */ = {isa = PBXFileReference; fileEncoding = 4; lastKnownFileType = text.json; path = Configuration.json; sourceTree = "<group>"; };
		DE62AC4E1A21303100692CB8 /* NSDictionary+DDDAdditions.h */ = {isa = PBXFileReference; fileEncoding = 4; lastKnownFileType = sourcecode.c.h; path = "NSDictionary+DDDAdditions.h"; sourceTree = "<group>"; };
		DE62AC4F1A21303100692CB8 /* NSDictionary+DDDAdditions.m */ = {isa = PBXFileReference; fileEncoding = 4; lastKnownFileType = sourcecode.c.objc; path = "NSDictionary+DDDAdditions.m"; sourceTree = "<group>"; };
		DE62AC511A213D5F00692CB8 /* DDDHackernewsItemResponseSerializer.h */ = {isa = PBXFileReference; fileEncoding = 4; lastKnownFileType = sourcecode.c.h; path = DDDHackernewsItemResponseSerializer.h; sourceTree = "<group>"; };
		DE62AC521A213D5F00692CB8 /* DDDHackernewsItemResponseSerializer.m */ = {isa = PBXFileReference; fileEncoding = 4; lastKnownFileType = sourcecode.c.objc; path = DDDHackernewsItemResponseSerializer.m; sourceTree = "<group>"; };
		DE62AC551A224CCA00692CB8 /* DDDViewControllerRouter.h */ = {isa = PBXFileReference; fileEncoding = 4; lastKnownFileType = sourcecode.c.h; path = DDDViewControllerRouter.h; sourceTree = "<group>"; };
		DE62AC561A224CCA00692CB8 /* DDDViewControllerRouter.m */ = {isa = PBXFileReference; fileEncoding = 4; lastKnownFileType = sourcecode.c.objc; path = DDDViewControllerRouter.m; sourceTree = "<group>"; };
		DE663F9B1A269B4B00E80DA7 /* DDDHackerNewsItem.h */ = {isa = PBXFileReference; fileEncoding = 4; lastKnownFileType = sourcecode.c.h; path = DDDHackerNewsItem.h; sourceTree = "<group>"; };
		DE663FA21A26CD6100E80DA7 /* DDDCollectionViewCell.h */ = {isa = PBXFileReference; fileEncoding = 4; lastKnownFileType = sourcecode.c.h; path = DDDCollectionViewCell.h; sourceTree = "<group>"; };
		DE663FA31A26CD6100E80DA7 /* DDDCollectionViewCell.m */ = {isa = PBXFileReference; fileEncoding = 4; lastKnownFileType = sourcecode.c.objc; path = DDDCollectionViewCell.m; sourceTree = "<group>"; };
		DE663FA51A26D0DB00E80DA7 /* NSDate+Utility.h */ = {isa = PBXFileReference; fileEncoding = 4; lastKnownFileType = sourcecode.c.h; path = "NSDate+Utility.h"; sourceTree = "<group>"; };
		DE663FA61A26D0DB00E80DA7 /* NSDate+Utility.m */ = {isa = PBXFileReference; fileEncoding = 4; lastKnownFileType = sourcecode.c.objc; path = "NSDate+Utility.m"; sourceTree = "<group>"; };
		DE6EB7151A2D6A160077FDF4 /* DDDHackerNewsItemCollectionViewCell.h */ = {isa = PBXFileReference; fileEncoding = 4; lastKnownFileType = sourcecode.c.h; path = DDDHackerNewsItemCollectionViewCell.h; sourceTree = "<group>"; };
		DE6EB7161A2D6A160077FDF4 /* DDDHackerNewsItemCollectionViewCell.m */ = {isa = PBXFileReference; fileEncoding = 4; lastKnownFileType = sourcecode.c.objc; path = DDDHackerNewsItemCollectionViewCell.m; sourceTree = "<group>"; };
		DE6EB7181A2D6A310077FDF4 /* DDDHackerNewsItemCollectionViewCell.xib */ = {isa = PBXFileReference; fileEncoding = 4; lastKnownFileType = file.xib; path = DDDHackerNewsItemCollectionViewCell.xib; sourceTree = "<group>"; };
		DE9517E21A23E2B90068FAD8 /* DDDTopStoriesViewModel.h */ = {isa = PBXFileReference; fileEncoding = 4; lastKnownFileType = sourcecode.c.h; path = DDDTopStoriesViewModel.h; sourceTree = "<group>"; };
		DE9517E31A23E2B90068FAD8 /* DDDTopStoriesViewModel.m */ = {isa = PBXFileReference; fileEncoding = 4; lastKnownFileType = sourcecode.c.objc; path = DDDTopStoriesViewModel.m; sourceTree = "<group>"; };
		DE9517E51A23E9510068FAD8 /* DDDArrayInsertionDeletion.h */ = {isa = PBXFileReference; fileEncoding = 4; lastKnownFileType = sourcecode.c.h; path = DDDArrayInsertionDeletion.h; sourceTree = "<group>"; };
		DE9517E61A23E9510068FAD8 /* DDDArrayInsertionDeletion.m */ = {isa = PBXFileReference; fileEncoding = 4; lastKnownFileType = sourcecode.c.objc; path = DDDArrayInsertionDeletion.m; sourceTree = "<group>"; };
		DE9665B01A26DF4700A40A1A /* DDDHackerNewsItem.m */ = {isa = PBXFileReference; fileEncoding = 4; lastKnownFileType = sourcecode.c.objc; path = DDDHackerNewsItem.m; sourceTree = "<group>"; };
		DE9665BF1A2A2E7B00A40A1A /* DDDBouncyFlowLayout.h */ = {isa = PBXFileReference; fileEncoding = 4; lastKnownFileType = sourcecode.c.h; path = DDDBouncyFlowLayout.h; sourceTree = "<group>"; };
		DE9665C01A2A2E7B00A40A1A /* DDDBouncyFlowLayout.m */ = {isa = PBXFileReference; fileEncoding = 4; lastKnownFileType = sourcecode.c.objc; path = DDDBouncyFlowLayout.m; sourceTree = "<group>"; };
		DEB09D091A2258E90021A933 /* DDDScreen.h */ = {isa = PBXFileReference; fileEncoding = 4; lastKnownFileType = sourcecode.c.h; path = DDDScreen.h; sourceTree = "<group>"; };
		DEB09D0A1A2258E90021A933 /* DDDScreen.m */ = {isa = PBXFileReference; fileEncoding = 4; lastKnownFileType = sourcecode.c.objc; path = DDDScreen.m; sourceTree = "<group>"; };
		DEB09D0C1A225D190021A933 /* DDDTransitionAttributes.h */ = {isa = PBXFileReference; fileEncoding = 4; lastKnownFileType = sourcecode.c.h; path = DDDTransitionAttributes.h; sourceTree = "<group>"; };
		DEB09D0D1A225D190021A933 /* DDDTransitionAttributes.m */ = {isa = PBXFileReference; fileEncoding = 4; lastKnownFileType = sourcecode.c.objc; path = DDDTransitionAttributes.m; sourceTree = "<group>"; };
		DEC57A731A2AA11300D89A96 /* DetailStoryboard.storyboard */ = {isa = PBXFileReference; fileEncoding = 4; lastKnownFileType = file.storyboard; path = DetailStoryboard.storyboard; sourceTree = "<group>"; };
		DEC57A781A2AA1F000D89A96 /* DDDStoryDetailViewController.h */ = {isa = PBXFileReference; fileEncoding = 4; lastKnownFileType = sourcecode.c.h; path = DDDStoryDetailViewController.h; sourceTree = "<group>"; };
		DEC57A791A2AA1F000D89A96 /* DDDStoryDetailViewController.m */ = {isa = PBXFileReference; fileEncoding = 4; lastKnownFileType = sourcecode.c.objc; path = DDDStoryDetailViewController.m; sourceTree = "<group>"; };
		DEC57A7B1A2AA24A00D89A96 /* DetailStoryboardIdentifiers.h */ = {isa = PBXFileReference; fileEncoding = 4; lastKnownFileType = sourcecode.c.h; path = DetailStoryboardIdentifiers.h; sourceTree = "<group>"; };
		DEC57A7C1A2AA33F00D89A96 /* DDDStoryDetailViewModel.h */ = {isa = PBXFileReference; fileEncoding = 4; lastKnownFileType = sourcecode.c.h; path = DDDStoryDetailViewModel.h; sourceTree = "<group>"; };
		DEC57A7D1A2AA33F00D89A96 /* DDDStoryDetailViewModel.m */ = {isa = PBXFileReference; fileEncoding = 4; lastKnownFileType = sourcecode.c.objc; path = DDDStoryDetailViewModel.m; sourceTree = "<group>"; };
		DEE038EA1A2293DA00979793 /* DDDMainViewController.h */ = {isa = PBXFileReference; fileEncoding = 4; lastKnownFileType = sourcecode.c.h; path = DDDMainViewController.h; sourceTree = "<group>"; };
		DEE038EB1A2293DA00979793 /* DDDMainViewController.m */ = {isa = PBXFileReference; fileEncoding = 4; lastKnownFileType = sourcecode.c.objc; path = DDDMainViewController.m; sourceTree = "<group>"; };
		DEE038ED1A2294AE00979793 /* DDDReactiveServicesTests.m */ = {isa = PBXFileReference; fileEncoding = 4; lastKnownFileType = sourcecode.c.objc; path = DDDReactiveServicesTests.m; sourceTree = "<group>"; };
		DEE038F11A22EF7200979793 /* DDDContentViewController.h */ = {isa = PBXFileReference; fileEncoding = 4; lastKnownFileType = sourcecode.c.h; path = DDDContentViewController.h; sourceTree = "<group>"; };
		DEE038F21A22EF7200979793 /* DDDContentViewController.m */ = {isa = PBXFileReference; fileEncoding = 4; lastKnownFileType = sourcecode.c.objc; path = DDDContentViewController.m; sourceTree = "<group>"; };
		DEE038F41A22EFD300979793 /* DDDTopStoriesViewController.h */ = {isa = PBXFileReference; fileEncoding = 4; lastKnownFileType = sourcecode.c.h; path = DDDTopStoriesViewController.h; sourceTree = "<group>"; };
		DEE038F51A22EFD300979793 /* DDDTopStoriesViewController.m */ = {isa = PBXFileReference; fileEncoding = 4; lastKnownFileType = sourcecode.c.objc; path = DDDTopStoriesViewController.m; sourceTree = "<group>"; };
		DEE038F71A22F08100979793 /* MainStoryboardIdentifiers.h */ = {isa = PBXFileReference; fileEncoding = 4; lastKnownFileType = sourcecode.c.h; path = MainStoryboardIdentifiers.h; sourceTree = "<group>"; };
		DEE038F81A22F0D700979793 /* TopStoryStoryboardIdentifiers.h */ = {isa = PBXFileReference; fileEncoding = 4; lastKnownFileType = sourcecode.c.h; path = TopStoryStoryboardIdentifiers.h; sourceTree = "<group>"; };
		DEE038FA1A22F10A00979793 /* TopStoriesStoryboard.storyboard */ = {isa = PBXFileReference; fileEncoding = 4; lastKnownFileType = file.storyboard; path = TopStoriesStoryboard.storyboard; sourceTree = "<group>"; };
/* End PBXFileReference section */

/* Begin PBXFrameworksBuildPhase section */
		DE475D8A1A1ADB1600970E87 /* Frameworks */ = {
			isa = PBXFrameworksBuildPhase;
			buildActionMask = 2147483647;
			files = (
				C2C23FCEF18EA316535B66DC /* libPods.a in Frameworks */,
			);
			runOnlyForDeploymentPostprocessing = 0;
		};
		DE475DA31A1ADB1600970E87 /* Frameworks */ = {
			isa = PBXFrameworksBuildPhase;
			buildActionMask = 2147483647;
			files = (
			);
			runOnlyForDeploymentPostprocessing = 0;
		};
/* End PBXFrameworksBuildPhase section */

/* Begin PBXGroup section */
		4AEFAB96A037F3056B270F18 /* Frameworks */ = {
			isa = PBXGroup;
			children = (
				DC4B92414FD761527F22666A /* libPods.a */,
			);
			name = Frameworks;
			sourceTree = "<group>";
		};
		8A98EBCFF3C8561ADC3BD643 /* Pods */ = {
			isa = PBXGroup;
			children = (
				17E13FDE2A17657834EED75B /* Pods.debug.xcconfig */,
				3E05C83E7EC8DC7CD175FE1B /* Pods.release.xcconfig */,
			);
			name = Pods;
			sourceTree = "<group>";
		};
		DE3127D41A1ADBBD0020DB40 /* View Controllers */ = {
			isa = PBXGroup;
			children = (
				DEC57A771A2AA1B300D89A96 /* Main Content */,
				DEC57A761A2AA1A500D89A96 /* Top Stories */,
				DEC57A751A2AA19C00D89A96 /* Detail */,
				DE9665BF1A2A2E7B00A40A1A /* DDDBouncyFlowLayout.h */,
				DE9665C01A2A2E7B00A40A1A /* DDDBouncyFlowLayout.m */,
			);
			path = "View Controllers";
			sourceTree = "<group>";
		};
		DE3127D51A1ADBBD0020DB40 /* Models */ = {
			isa = PBXGroup;
			children = (
				DE663F9B1A269B4B00E80DA7 /* DDDHackerNewsItem.h */,
				DE9665B01A26DF4700A40A1A /* DDDHackerNewsItem.m */,
				DE31280B1A1EE4E20020DB40 /* DDDHackerNewsComment.h */,
				DE31280C1A1EE4E20020DB40 /* DDDHackerNewsComment.m */,
				DE3127E51A1AE9B00020DB40 /* DDDModel.h */,
				DE3127E61A1AE9B00020DB40 /* DDDModel.m */,
				DE9517E51A23E9510068FAD8 /* DDDArrayInsertionDeletion.h */,
				DE9517E61A23E9510068FAD8 /* DDDArrayInsertionDeletion.m */,
				DE3962541A2BB9A2009EEB82 /* DDDStoryDetailTransitionModel.h */,
				DE3962551A2BB9A2009EEB82 /* DDDStoryDetailTransitionModel.m */,
			);
			path = Models;
			sourceTree = "<group>";
		};
		DE3127D61A1ADBBD0020DB40 /* View Models */ = {
			isa = PBXGroup;
			children = (
				DE3127DC1A1ADC380020DB40 /* DDDViewModel.h */,
				DE3127DD1A1ADC380020DB40 /* DDDViewModel.m */,
				DE9517E21A23E2B90068FAD8 /* DDDTopStoriesViewModel.h */,
				DE9517E31A23E2B90068FAD8 /* DDDTopStoriesViewModel.m */,
				DEC57A7C1A2AA33F00D89A96 /* DDDStoryDetailViewModel.h */,
				DEC57A7D1A2AA33F00D89A96 /* DDDStoryDetailViewModel.m */,
			);
			path = "View Models";
			sourceTree = "<group>";
		};
		DE3127D71A1ADBBD0020DB40 /* Utilities */ = {
			isa = PBXGroup;
			children = (
				DE62AC351A1EE8FF00692CB8 /* DDDMock.h */,
				DE62AC361A1EE8FF00692CB8 /* DDDMock.m */,
				DE3127EA1A1AEC3A0020DB40 /* DDDHelpers.h */,
				DE3127EB1A1AEC3A0020DB40 /* DDDCategories.h */,
				DE3127DF1A1AE9820020DB40 /* NSMutableArray+Modification.h */,
				DE3127E01A1AE9820020DB40 /* NSMutableArray+Modification.m */,
				DE3127E11A1AE9820020DB40 /* UIView+SSAdditions.h */,
				DE3127E21A1AE9820020DB40 /* UIView+SSAdditions.m */,
				DE62AC3B1A20F4DF00692CB8 /* NSObject+Introspection.h */,
				DE62AC3C1A20F4DF00692CB8 /* NSObject+Introspection.m */,
				DE62AC4E1A21303100692CB8 /* NSDictionary+DDDAdditions.h */,
				DE62AC4F1A21303100692CB8 /* NSDictionary+DDDAdditions.m */,
				DE663FA51A26D0DB00E80DA7 /* NSDate+Utility.h */,
				DE663FA61A26D0DB00E80DA7 /* NSDate+Utility.m */,
			);
			path = Utilities;
			sourceTree = "<group>";
		};
		DE3127D81A1ADBBD0020DB40 /* Views */ = {
			isa = PBXGroup;
			children = (
				DE663FA31A26CD6100E80DA7 /* DDDCollectionViewCell.m */,
				DE663FA21A26CD6100E80DA7 /* DDDCollectionViewCell.h */,
				DE6EB7151A2D6A160077FDF4 /* DDDHackerNewsItemCollectionViewCell.h */,
				DE6EB7161A2D6A160077FDF4 /* DDDHackerNewsItemCollectionViewCell.m */,
				DE6EB7181A2D6A310077FDF4 /* DDDHackerNewsItemCollectionViewCell.xib */,
				DE124AF61A4BBECA00337342 /* DDDWebViewCollectionViewCell.h */,
				DE124AF71A4BBECA00337342 /* DDDWebViewCollectionViewCell.m */,
				DE124AF81A4BBECA00337342 /* DDDWebViewCollectionViewCell.xib */,
			);
			path = Views;
			sourceTree = "<group>";
		};
		DE475D841A1ADB1600970E87 = {
			isa = PBXGroup;
			children = (
				DE475D8F1A1ADB1600970E87 /* Hakken */,
				DE475DA91A1ADB1600970E87 /* HakkenTests */,
				DE475D8E1A1ADB1600970E87 /* Products */,
				8A98EBCFF3C8561ADC3BD643 /* Pods */,
				4AEFAB96A037F3056B270F18 /* Frameworks */,
			);
			sourceTree = "<group>";
		};
		DE475D8E1A1ADB1600970E87 /* Products */ = {
			isa = PBXGroup;
			children = (
				DE475D8D1A1ADB1600970E87 /* Hakken.app */,
				DE475DA61A1ADB1600970E87 /* HakkenTests.xctest */,
			);
			name = Products;
			sourceTree = "<group>";
		};
		DE475D8F1A1ADB1600970E87 /* Hakken */ = {
			isa = PBXGroup;
			children = (
				DEE038F91A22F0E500979793 /* Storyboards */,
				DE62AC541A224C7700692CB8 /* Navigation */,
				DE62AC441A20FD5300692CB8 /* Services */,
				DE3127D41A1ADBBD0020DB40 /* View Controllers */,
				DE3127D51A1ADBBD0020DB40 /* Models */,
				DE3127D61A1ADBBD0020DB40 /* View Models */,
				DE3127D71A1ADBBD0020DB40 /* Utilities */,
				DE3127D81A1ADBBD0020DB40 /* Views */,
				DE475D941A1ADB1600970E87 /* AppDelegate.h */,
				DE475D951A1ADB1600970E87 /* AppDelegate.m */,
				DE475D9D1A1ADB1600970E87 /* Images.xcassets */,
				DE475D9F1A1ADB1600970E87 /* LaunchScreen.xib */,
				DE475D901A1ADB1600970E87 /* Supporting Files */,
			);
			path = Hakken;
			sourceTree = "<group>";
		};
		DE475D901A1ADB1600970E87 /* Supporting Files */ = {
			isa = PBXGroup;
			children = (
				DE3127E91A1AEC0A0020DB40 /* Hakken-Prefix.pch */,
				DE475D911A1ADB1600970E87 /* Info.plist */,
				DE475D921A1ADB1600970E87 /* main.m */,
				DE62AC4C1A21010200692CB8 /* Configuration.json */,
			);
			name = "Supporting Files";
			sourceTree = "<group>";
		};
		DE475DA91A1ADB1600970E87 /* HakkenTests */ = {
			isa = PBXGroup;
			children = (
				DE124AB61A4B516B00337342 /* mock_top_stories.json */,
				DE3128031A1EE4D70020DB40 /* mock_story.json */,
				DE3128041A1EE4D70020DB40 /* mock_comment.json */,
				DE3128051A1EE4D70020DB40 /* mock_poll.json */,
				DE3128061A1EE4D70020DB40 /* DDDHackerNewsItemTests.m */,
				DEE038ED1A2294AE00979793 /* DDDReactiveServicesTests.m */,
				DE475DAA1A1ADB1600970E87 /* Supporting Files */,
			);
			path = HakkenTests;
			sourceTree = "<group>";
		};
		DE475DAA1A1ADB1600970E87 /* Supporting Files */ = {
			isa = PBXGroup;
			children = (
				DE475DAB1A1ADB1600970E87 /* Info.plist */,
			);
			name = "Supporting Files";
			sourceTree = "<group>";
		};
		DE62AC441A20FD5300692CB8 /* Services */ = {
			isa = PBXGroup;
			children = (
				DE124AB91A4B526A00337342 /* DDDServices.h */,
				DE124ABA1A4B537B00337342 /* DDDDataServices.h */,
				DE124ABB1A4B537B00337342 /* DDDDataServices.m */,
				DE62AC451A20FD5300692CB8 /* DDDLiveDataServices.h */,
				DE62AC461A20FD5300692CB8 /* DDDLiveDataServices.m */,
				DE62AC471A20FD5300692CB8 /* ServicesConfiguration.json */,
				DE62AC511A213D5F00692CB8 /* DDDHackernewsItemResponseSerializer.h */,
				DE62AC521A213D5F00692CB8 /* DDDHackernewsItemResponseSerializer.m */,
				DE124ABE1A4B570400337342 /* DDDMockDataServices.h */,
				DE124ABF1A4B570400337342 /* DDDMockDataServices.m */,
			);
			path = Services;
			sourceTree = "<group>";
		};
		DE62AC541A224C7700692CB8 /* Navigation */ = {
			isa = PBXGroup;
			children = (
				DE62AC551A224CCA00692CB8 /* DDDViewControllerRouter.h */,
				DE62AC561A224CCA00692CB8 /* DDDViewControllerRouter.m */,
				DEB09D091A2258E90021A933 /* DDDScreen.h */,
				DEB09D0A1A2258E90021A933 /* DDDScreen.m */,
				DEB09D0C1A225D190021A933 /* DDDTransitionAttributes.h */,
				DEB09D0D1A225D190021A933 /* DDDTransitionAttributes.m */,
			);
			name = Navigation;
			sourceTree = "<group>";
		};
		DEC57A751A2AA19C00D89A96 /* Detail */ = {
			isa = PBXGroup;
			children = (
				DEC57A781A2AA1F000D89A96 /* DDDStoryDetailViewController.h */,
				DEC57A791A2AA1F000D89A96 /* DDDStoryDetailViewController.m */,
				DEC57A7B1A2AA24A00D89A96 /* DetailStoryboardIdentifiers.h */,
			);
			name = Detail;
			sourceTree = "<group>";
		};
		DEC57A761A2AA1A500D89A96 /* Top Stories */ = {
			isa = PBXGroup;
			children = (
				DEE038F81A22F0D700979793 /* TopStoryStoryboardIdentifiers.h */,
				DEE038F41A22EFD300979793 /* DDDTopStoriesViewController.h */,
				DEE038F51A22EFD300979793 /* DDDTopStoriesViewController.m */,
				DE124AFB1A4BC79C00337342 /* DDDTopStoriesPushAnimator.h */,
				DE124AFC1A4BC79C00337342 /* DDDTopStoriesPushAnimator.m */,
			);
			name = "Top Stories";
			sourceTree = "<group>";
		};
		DEC57A771A2AA1B300D89A96 /* Main Content */ = {
			isa = PBXGroup;
			children = (
				DEE038F71A22F08100979793 /* MainStoryboardIdentifiers.h */,
				DE3127DA1A1ADC160020DB40 /* DDDViewController.m */,
				DE3127D91A1ADC160020DB40 /* DDDViewController.h */,
				DEE038EA1A2293DA00979793 /* DDDMainViewController.h */,
				DEE038EB1A2293DA00979793 /* DDDMainViewController.m */,
				DEE038F11A22EF7200979793 /* DDDContentViewController.h */,
				DEE038F21A22EF7200979793 /* DDDContentViewController.m */,
			);
			name = "Main Content";
			sourceTree = "<group>";
		};
		DEE038F91A22F0E500979793 /* Storyboards */ = {
			isa = PBXGroup;
			children = (
				DE475D9A1A1ADB1600970E87 /* Main.storyboard */,
				DEE038FA1A22F10A00979793 /* TopStoriesStoryboard.storyboard */,
				DEC57A731A2AA11300D89A96 /* DetailStoryboard.storyboard */,
			);
			name = Storyboards;
			sourceTree = "<group>";
		};
/* End PBXGroup section */

/* Begin PBXNativeTarget section */
		DE475D8C1A1ADB1600970E87 /* Hakken */ = {
			isa = PBXNativeTarget;
			buildConfigurationList = DE475DB01A1ADB1600970E87 /* Build configuration list for PBXNativeTarget "Hakken" */;
			buildPhases = (
				04BFB6DB1F776787EF2E72EC /* Check Pods Manifest.lock */,
				DE475D891A1ADB1600970E87 /* Sources */,
				DE475D8A1A1ADB1600970E87 /* Frameworks */,
				DE475D8B1A1ADB1600970E87 /* Resources */,
				EF6575B35B3EF278267B3846 /* Copy Pods Resources */,
			);
			buildRules = (
			);
			dependencies = (
			);
			name = Hakken;
			productName = Hakken;
			productReference = DE475D8D1A1ADB1600970E87 /* Hakken.app */;
			productType = "com.apple.product-type.application";
		};
		DE475DA51A1ADB1600970E87 /* HakkenTests */ = {
			isa = PBXNativeTarget;
			buildConfigurationList = DE475DB31A1ADB1600970E87 /* Build configuration list for PBXNativeTarget "HakkenTests" */;
			buildPhases = (
				DE475DA21A1ADB1600970E87 /* Sources */,
				DE475DA31A1ADB1600970E87 /* Frameworks */,
				DE475DA41A1ADB1600970E87 /* Resources */,
			);
			buildRules = (
			);
			dependencies = (
				DE475DA81A1ADB1600970E87 /* PBXTargetDependency */,
			);
			name = HakkenTests;
			productName = HakkenTests;
			productReference = DE475DA61A1ADB1600970E87 /* HakkenTests.xctest */;
			productType = "com.apple.product-type.bundle.unit-test";
		};
/* End PBXNativeTarget section */

/* Begin PBXProject section */
		DE475D851A1ADB1600970E87 /* Project object */ = {
			isa = PBXProject;
			attributes = {
				LastUpgradeCheck = 0610;
				ORGANIZATIONNAME = dotdotdot;
				TargetAttributes = {
					DE475D8C1A1ADB1600970E87 = {
						CreatedOnToolsVersion = 6.1;
					};
					DE475DA51A1ADB1600970E87 = {
						CreatedOnToolsVersion = 6.1;
						TestTargetID = DE475D8C1A1ADB1600970E87;
					};
				};
			};
			buildConfigurationList = DE475D881A1ADB1600970E87 /* Build configuration list for PBXProject "Hakken" */;
			compatibilityVersion = "Xcode 3.2";
			developmentRegion = English;
			hasScannedForEncodings = 0;
			knownRegions = (
				en,
				Base,
			);
			mainGroup = DE475D841A1ADB1600970E87;
			productRefGroup = DE475D8E1A1ADB1600970E87 /* Products */;
			projectDirPath = "";
			projectRoot = "";
			targets = (
				DE475D8C1A1ADB1600970E87 /* Hakken */,
				DE475DA51A1ADB1600970E87 /* HakkenTests */,
			);
		};
/* End PBXProject section */

/* Begin PBXResourcesBuildPhase section */
		DE475D8B1A1ADB1600970E87 /* Resources */ = {
			isa = PBXResourcesBuildPhase;
			buildActionMask = 2147483647;
			files = (
				DE62AC381A1EE98600692CB8 /* mock_story.json in Resources */,
				DE124AB71A4B516B00337342 /* mock_top_stories.json in Resources */,
				DE6EB7191A2D6A310077FDF4 /* DDDHackerNewsItemCollectionViewCell.xib in Resources */,
				DE62AC391A1EE98600692CB8 /* mock_comment.json in Resources */,
				DE62AC4D1A21010200692CB8 /* Configuration.json in Resources */,
				DE62AC491A20FD5300692CB8 /* ServicesConfiguration.json in Resources */,
				DE62AC3A1A1EE98600692CB8 /* mock_poll.json in Resources */,
				DE475D9C1A1ADB1600970E87 /* Main.storyboard in Resources */,
				DE475DA11A1ADB1600970E87 /* LaunchScreen.xib in Resources */,
				DEE038FB1A22F10A00979793 /* TopStoriesStoryboard.storyboard in Resources */,
				DE124AFA1A4BBECA00337342 /* DDDWebViewCollectionViewCell.xib in Resources */,
				DEC57A741A2AA11300D89A96 /* DetailStoryboard.storyboard in Resources */,
				DE475D9E1A1ADB1600970E87 /* Images.xcassets in Resources */,
			);
			runOnlyForDeploymentPostprocessing = 0;
		};
		DE475DA41A1ADB1600970E87 /* Resources */ = {
			isa = PBXResourcesBuildPhase;
			buildActionMask = 2147483647;
			files = (
				DEE038EF1A229CCE00979793 /* ServicesConfiguration.json in Resources */,
				DE124AB81A4B516B00337342 /* mock_top_stories.json in Resources */,
				DEE038F01A229CCE00979793 /* Configuration.json in Resources */,
				DE3128071A1EE4D70020DB40 /* mock_story.json in Resources */,
				DE3128091A1EE4D70020DB40 /* mock_poll.json in Resources */,
				DE3128081A1EE4D70020DB40 /* mock_comment.json in Resources */,
			);
			runOnlyForDeploymentPostprocessing = 0;
		};
/* End PBXResourcesBuildPhase section */

/* Begin PBXShellScriptBuildPhase section */
		04BFB6DB1F776787EF2E72EC /* Check Pods Manifest.lock */ = {
			isa = PBXShellScriptBuildPhase;
			buildActionMask = 2147483647;
			files = (
			);
			inputPaths = (
			);
			name = "Check Pods Manifest.lock";
			outputPaths = (
			);
			runOnlyForDeploymentPostprocessing = 0;
			shellPath = /bin/sh;
			shellScript = "diff \"${PODS_ROOT}/../Podfile.lock\" \"${PODS_ROOT}/Manifest.lock\" > /dev/null\nif [[ $? != 0 ]] ; then\n    cat << EOM\nerror: The sandbox is not in sync with the Podfile.lock. Run 'pod install' or update your CocoaPods installation.\nEOM\n    exit 1\nfi\n";
			showEnvVarsInLog = 0;
		};
		EF6575B35B3EF278267B3846 /* Copy Pods Resources */ = {
			isa = PBXShellScriptBuildPhase;
			buildActionMask = 2147483647;
			files = (
			);
			inputPaths = (
			);
			name = "Copy Pods Resources";
			outputPaths = (
			);
			runOnlyForDeploymentPostprocessing = 0;
			shellPath = /bin/sh;
			shellScript = "\"${SRCROOT}/Pods/Target Support Files/Pods/Pods-resources.sh\"\n";
			showEnvVarsInLog = 0;
		};
/* End PBXShellScriptBuildPhase section */

/* Begin PBXSourcesBuildPhase section */
		DE475D891A1ADB1600970E87 /* Sources */ = {
			isa = PBXSourcesBuildPhase;
			buildActionMask = 2147483647;
			files = (
				DE3127E41A1AE9820020DB40 /* UIView+SSAdditions.m in Sources */,
				DE9517E71A23E9510068FAD8 /* DDDArrayInsertionDeletion.m in Sources */,
				DE62AC571A224CCA00692CB8 /* DDDViewControllerRouter.m in Sources */,
				DEC57A7E1A2AA33F00D89A96 /* DDDStoryDetailViewModel.m in Sources */,
				DE124AC01A4B570400337342 /* DDDMockDataServices.m in Sources */,
				DEB09D0E1A225D190021A933 /* DDDTransitionAttributes.m in Sources */,
				DE475D961A1ADB1600970E87 /* AppDelegate.m in Sources */,
				DE3127E71A1AE9B00020DB40 /* DDDModel.m in Sources */,
				DE124AFD1A4BC79C00337342 /* DDDTopStoriesPushAnimator.m in Sources */,
				DE663FA71A26D0DB00E80DA7 /* NSDate+Utility.m in Sources */,
				DEE038EC1A2293DA00979793 /* DDDMainViewController.m in Sources */,
				DE62AC3D1A20F4DF00692CB8 /* NSObject+Introspection.m in Sources */,
				DE124ABC1A4B537B00337342 /* DDDDataServices.m in Sources */,
				DEC57A7A1A2AA1F000D89A96 /* DDDStoryDetailViewController.m in Sources */,
				DE62AC371A1EE8FF00692CB8 /* DDDMock.m in Sources */,
				DE6EB7171A2D6A160077FDF4 /* DDDHackerNewsItemCollectionViewCell.m in Sources */,
				DE3127DE1A1ADC380020DB40 /* DDDViewModel.m in Sources */,
				DEE038F31A22EF7200979793 /* DDDContentViewController.m in Sources */,
				DE31280D1A1EE4E20020DB40 /* DDDHackerNewsComment.m in Sources */,
				DE3962561A2BB9A2009EEB82 /* DDDStoryDetailTransitionModel.m in Sources */,
				DE663FA41A26CD6100E80DA7 /* DDDCollectionViewCell.m in Sources */,
				DE9517E41A23E2B90068FAD8 /* DDDTopStoriesViewModel.m in Sources */,
				DE62AC501A21303100692CB8 /* NSDictionary+DDDAdditions.m in Sources */,
				DEE038F61A22EFD300979793 /* DDDTopStoriesViewController.m in Sources */,
				DE9665C11A2A2E7B00A40A1A /* DDDBouncyFlowLayout.m in Sources */,
				DE9665B11A26DF4700A40A1A /* DDDHackerNewsItem.m in Sources */,
				DE62AC481A20FD5300692CB8 /* DDDLiveDataServices.m in Sources */,
				DE62AC531A213D5F00692CB8 /* DDDHackernewsItemResponseSerializer.m in Sources */,
				DEB09D0B1A2258E90021A933 /* DDDScreen.m in Sources */,
				DE124AF91A4BBECA00337342 /* DDDWebViewCollectionViewCell.m in Sources */,
				DE3127E31A1AE9820020DB40 /* NSMutableArray+Modification.m in Sources */,
				DE3127DB1A1ADC160020DB40 /* DDDViewController.m in Sources */,
				DE475D931A1ADB1600970E87 /* main.m in Sources */,
			);
			runOnlyForDeploymentPostprocessing = 0;
		};
		DE475DA21A1ADB1600970E87 /* Sources */ = {
			isa = PBXSourcesBuildPhase;
			buildActionMask = 2147483647;
			files = (
				DE31280A1A1EE4D70020DB40 /* DDDHackerNewsItemTests.m in Sources */,
				DE124ABD1A4B537B00337342 /* DDDDataServices.m in Sources */,
				DEE038EE1A2294AE00979793 /* DDDReactiveServicesTests.m in Sources */,
			);
			runOnlyForDeploymentPostprocessing = 0;
		};
/* End PBXSourcesBuildPhase section */

/* Begin PBXTargetDependency section */
		DE475DA81A1ADB1600970E87 /* PBXTargetDependency */ = {
			isa = PBXTargetDependency;
			target = DE475D8C1A1ADB1600970E87 /* Hakken */;
			targetProxy = DE475DA71A1ADB1600970E87 /* PBXContainerItemProxy */;
		};
/* End PBXTargetDependency section */

/* Begin PBXVariantGroup section */
		DE475D9A1A1ADB1600970E87 /* Main.storyboard */ = {
			isa = PBXVariantGroup;
			children = (
				DE475D9B1A1ADB1600970E87 /* Base */,
			);
			name = Main.storyboard;
			sourceTree = "<group>";
		};
		DE475D9F1A1ADB1600970E87 /* LaunchScreen.xib */ = {
			isa = PBXVariantGroup;
			children = (
				DE475DA01A1ADB1600970E87 /* Base */,
			);
			name = LaunchScreen.xib;
			sourceTree = "<group>";
		};
/* End PBXVariantGroup section */

/* Begin XCBuildConfiguration section */
		DE475DAE1A1ADB1600970E87 /* Debug */ = {
			isa = XCBuildConfiguration;
			buildSettings = {
				ALWAYS_SEARCH_USER_PATHS = NO;
				CLANG_CXX_LANGUAGE_STANDARD = "gnu++0x";
				CLANG_CXX_LIBRARY = "libc++";
				CLANG_ENABLE_MODULES = YES;
				CLANG_ENABLE_OBJC_ARC = YES;
				CLANG_WARN_BOOL_CONVERSION = YES;
				CLANG_WARN_CONSTANT_CONVERSION = YES;
				CLANG_WARN_DIRECT_OBJC_ISA_USAGE = YES_ERROR;
				CLANG_WARN_EMPTY_BODY = YES;
				CLANG_WARN_ENUM_CONVERSION = YES;
				CLANG_WARN_INT_CONVERSION = YES;
				CLANG_WARN_OBJC_ROOT_CLASS = YES_ERROR;
				CLANG_WARN_UNREACHABLE_CODE = YES;
				CLANG_WARN__DUPLICATE_METHOD_MATCH = YES;
				"CODE_SIGN_IDENTITY[sdk=iphoneos*]" = "iPhone Developer";
				COPY_PHASE_STRIP = NO;
				ENABLE_STRICT_OBJC_MSGSEND = YES;
				GCC_C_LANGUAGE_STANDARD = gnu99;
				GCC_DYNAMIC_NO_PIC = NO;
				GCC_OPTIMIZATION_LEVEL = 0;
				GCC_PREFIX_HEADER = "Hakken/Hakken-Prefix.pch";
				GCC_PREPROCESSOR_DEFINITIONS = (
					"DEBUG=1",
					"$(inherited)",
				);
				GCC_SYMBOLS_PRIVATE_EXTERN = NO;
				GCC_WARN_64_TO_32_BIT_CONVERSION = YES;
				GCC_WARN_ABOUT_RETURN_TYPE = YES_ERROR;
				GCC_WARN_UNDECLARED_SELECTOR = YES;
				GCC_WARN_UNINITIALIZED_AUTOS = YES_AGGRESSIVE;
				GCC_WARN_UNUSED_FUNCTION = YES;
				GCC_WARN_UNUSED_VARIABLE = YES;
				HEADER_SEARCH_PATHS = (
					"$(inherited)",
					/Applications/Xcode.app/Contents/Developer/Toolchains/XcodeDefault.xctoolchain/usr/include,
					"\"${PODS_ROOT}/BuildHeaders\"/**",
				);
				IPHONEOS_DEPLOYMENT_TARGET = 8.1;
				MTL_ENABLE_DEBUG_INFO = YES;
				ONLY_ACTIVE_ARCH = YES;
				SDKROOT = iphoneos;
			};
			name = Debug;
		};
		DE475DAF1A1ADB1600970E87 /* Release */ = {
			isa = XCBuildConfiguration;
			buildSettings = {
				ALWAYS_SEARCH_USER_PATHS = NO;
				CLANG_CXX_LANGUAGE_STANDARD = "gnu++0x";
				CLANG_CXX_LIBRARY = "libc++";
				CLANG_ENABLE_MODULES = YES;
				CLANG_ENABLE_OBJC_ARC = YES;
				CLANG_WARN_BOOL_CONVERSION = YES;
				CLANG_WARN_CONSTANT_CONVERSION = YES;
				CLANG_WARN_DIRECT_OBJC_ISA_USAGE = YES_ERROR;
				CLANG_WARN_EMPTY_BODY = YES;
				CLANG_WARN_ENUM_CONVERSION = YES;
				CLANG_WARN_INT_CONVERSION = YES;
				CLANG_WARN_OBJC_ROOT_CLASS = YES_ERROR;
				CLANG_WARN_UNREACHABLE_CODE = YES;
				CLANG_WARN__DUPLICATE_METHOD_MATCH = YES;
				"CODE_SIGN_IDENTITY[sdk=iphoneos*]" = "iPhone Developer";
				COPY_PHASE_STRIP = YES;
				ENABLE_NS_ASSERTIONS = NO;
				ENABLE_STRICT_OBJC_MSGSEND = YES;
				GCC_C_LANGUAGE_STANDARD = gnu99;
				GCC_PREFIX_HEADER = "Hakken/Hakken-Prefix.pch";
				GCC_WARN_64_TO_32_BIT_CONVERSION = YES;
				GCC_WARN_ABOUT_RETURN_TYPE = YES_ERROR;
				GCC_WARN_UNDECLARED_SELECTOR = YES;
				GCC_WARN_UNINITIALIZED_AUTOS = YES_AGGRESSIVE;
				GCC_WARN_UNUSED_FUNCTION = YES;
				GCC_WARN_UNUSED_VARIABLE = YES;
				HEADER_SEARCH_PATHS = (
					"$(inherited)",
					/Applications/Xcode.app/Contents/Developer/Toolchains/XcodeDefault.xctoolchain/usr/include,
					"\"${PODS_ROOT}/BuildHeaders\"/**",
				);
				IPHONEOS_DEPLOYMENT_TARGET = 8.1;
				MTL_ENABLE_DEBUG_INFO = NO;
				SDKROOT = iphoneos;
				VALIDATE_PRODUCT = YES;
			};
			name = Release;
		};
		DE475DB11A1ADB1600970E87 /* Debug */ = {
			isa = XCBuildConfiguration;
			baseConfigurationReference = 17E13FDE2A17657834EED75B /* Pods.debug.xcconfig */;
			buildSettings = {
				ASSETCATALOG_COMPILER_APPICON_NAME = AppIcon;
				INFOPLIST_FILE = Hakken/Info.plist;
				LD_RUNPATH_SEARCH_PATHS = "$(inherited) @executable_path/Frameworks";
				PRODUCT_NAME = "$(TARGET_NAME)";
			};
			name = Debug;
		};
		DE475DB21A1ADB1600970E87 /* Release */ = {
			isa = XCBuildConfiguration;
			baseConfigurationReference = 3E05C83E7EC8DC7CD175FE1B /* Pods.release.xcconfig */;
			buildSettings = {
				ASSETCATALOG_COMPILER_APPICON_NAME = AppIcon;
				INFOPLIST_FILE = Hakken/Info.plist;
				LD_RUNPATH_SEARCH_PATHS = "$(inherited) @executable_path/Frameworks";
				PRODUCT_NAME = "$(TARGET_NAME)";
			};
			name = Release;
		};
		DE475DB41A1ADB1600970E87 /* Debug */ = {
			isa = XCBuildConfiguration;
			baseConfigurationReference = 17E13FDE2A17657834EED75B /* Pods.debug.xcconfig */;
			buildSettings = {
				BUNDLE_LOADER = "$(TEST_HOST)";
				FRAMEWORK_SEARCH_PATHS = (
					"$(SDKROOT)/Developer/Library/Frameworks",
					"$(inherited)",
				);
				GCC_PREPROCESSOR_DEFINITIONS = (
					"DEBUG=1",
					"$(inherited)",
				);
				INFOPLIST_FILE = HakkenTests/Info.plist;
				LD_RUNPATH_SEARCH_PATHS = "$(inherited) @executable_path/Frameworks @loader_path/Frameworks";
				PRODUCT_NAME = "$(TARGET_NAME)";
				TEST_HOST = "$(BUILT_PRODUCTS_DIR)/Hakken.app/Hakken";
			};
			name = Debug;
		};
		DE475DB51A1ADB1600970E87 /* Release */ = {
			isa = XCBuildConfiguration;
			baseConfigurationReference = 3E05C83E7EC8DC7CD175FE1B /* Pods.release.xcconfig */;
			buildSettings = {
				BUNDLE_LOADER = "$(TEST_HOST)";
				FRAMEWORK_SEARCH_PATHS = (
					"$(SDKROOT)/Developer/Library/Frameworks",
					"$(inherited)",
				);
				INFOPLIST_FILE = HakkenTests/Info.plist;
				LD_RUNPATH_SEARCH_PATHS = "$(inherited) @executable_path/Frameworks @loader_path/Frameworks";
				PRODUCT_NAME = "$(TARGET_NAME)";
				TEST_HOST = "$(BUILT_PRODUCTS_DIR)/Hakken.app/Hakken";
			};
			name = Release;
		};
/* End XCBuildConfiguration section */

/* Begin XCConfigurationList section */
		DE475D881A1ADB1600970E87 /* Build configuration list for PBXProject "Hakken" */ = {
			isa = XCConfigurationList;
			buildConfigurations = (
				DE475DAE1A1ADB1600970E87 /* Debug */,
				DE475DAF1A1ADB1600970E87 /* Release */,
			);
			defaultConfigurationIsVisible = 0;
			defaultConfigurationName = Release;
		};
		DE475DB01A1ADB1600970E87 /* Build configuration list for PBXNativeTarget "Hakken" */ = {
			isa = XCConfigurationList;
			buildConfigurations = (
				DE475DB11A1ADB1600970E87 /* Debug */,
				DE475DB21A1ADB1600970E87 /* Release */,
			);
			defaultConfigurationIsVisible = 0;
			defaultConfigurationName = Release;
		};
		DE475DB31A1ADB1600970E87 /* Build configuration list for PBXNativeTarget "HakkenTests" */ = {
			isa = XCConfigurationList;
			buildConfigurations = (
				DE475DB41A1ADB1600970E87 /* Debug */,
				DE475DB51A1ADB1600970E87 /* Release */,
			);
			defaultConfigurationIsVisible = 0;
			defaultConfigurationName = Release;
		};
/* End XCConfigurationList section */
	};
	rootObject = DE475D851A1ADB1600970E87 /* Project object */;
}
