// !$*UTF8*$!
{
	archiveVersion = 1;
	classes = {
	};
	objectVersion = 46;
	objects = {

/* Begin PBXBuildFile section */
		C2C23FCEF18EA316535B66DC /* libPods.a in Frameworks */ = {isa = PBXBuildFile; fileRef = DC4B92414FD761527F22666A /* libPods.a */; };
		DE0755B61A79F751005170D6 /* UIPanGestureRecognizer+Helpers.m in Sources */ = {isa = PBXBuildFile; fileRef = DE0755B51A79F751005170D6 /* UIPanGestureRecognizer+Helpers.m */; };
		DE0755BC1A7D7C59005170D6 /* DDDHakkenReadLaterManager.m in Sources */ = {isa = PBXBuildFile; fileRef = DE0755BB1A7D7C59005170D6 /* DDDHakkenReadLaterManager.m */; };
		DE0755BF1A7D7F1F005170D6 /* DDDHakkenReadLaterInformation.m in Sources */ = {isa = PBXBuildFile; fileRef = DE0755BE1A7D7F1F005170D6 /* DDDHakkenReadLaterInformation.m */; };
		DE0755C21A7ECE1F005170D6 /* RLMResults+DDDHelpers.m in Sources */ = {isa = PBXBuildFile; fileRef = DE0755C11A7ECE1F005170D6 /* RLMResults+DDDHelpers.m */; };
		DE0755C51A7EDF73005170D6 /* DDDReadLaterViewController.m in Sources */ = {isa = PBXBuildFile; fileRef = DE0755C41A7EDF73005170D6 /* DDDReadLaterViewController.m */; };
		DE0755C81A7EE219005170D6 /* DDDReadLaterViewModel.m in Sources */ = {isa = PBXBuildFile; fileRef = DE0755C71A7EE219005170D6 /* DDDReadLaterViewModel.m */; };
		DE124AB71A4B516B00337342 /* mock_top_stories.json in Resources */ = {isa = PBXBuildFile; fileRef = DE124AB61A4B516B00337342 /* mock_top_stories.json */; };
		DE124AB81A4B516B00337342 /* mock_top_stories.json in Resources */ = {isa = PBXBuildFile; fileRef = DE124AB61A4B516B00337342 /* mock_top_stories.json */; };
		DE124ABC1A4B537B00337342 /* DDDDataServices.m in Sources */ = {isa = PBXBuildFile; fileRef = DE124ABB1A4B537B00337342 /* DDDDataServices.m */; };
		DE124ABD1A4B537B00337342 /* DDDDataServices.m in Sources */ = {isa = PBXBuildFile; fileRef = DE124ABB1A4B537B00337342 /* DDDDataServices.m */; };
		DE124AC01A4B570400337342 /* DDDMockDataServices.m in Sources */ = {isa = PBXBuildFile; fileRef = DE124ABF1A4B570400337342 /* DDDMockDataServices.m */; };
		DE24307E1AD8A64600F05838 /* Crashlytics.framework in Frameworks */ = {isa = PBXBuildFile; fileRef = DE24307C1AD8A64600F05838 /* Crashlytics.framework */; };
		DE24307F1AD8A64600F05838 /* Fabric.framework in Frameworks */ = {isa = PBXBuildFile; fileRef = DE24307D1AD8A64600F05838 /* Fabric.framework */; };
		DE2430821AE2CEA600F05838 /* UINavigationBar+Styling.m in Sources */ = {isa = PBXBuildFile; fileRef = DE2430811AE2CEA600F05838 /* UINavigationBar+Styling.m */; };
		DE3127DE1A1ADC380020DB40 /* DDDViewModel.m in Sources */ = {isa = PBXBuildFile; fileRef = DE3127DD1A1ADC380020DB40 /* DDDViewModel.m */; };
		DE3127E71A1AE9B00020DB40 /* DDDModel.m in Sources */ = {isa = PBXBuildFile; fileRef = DE3127E61A1AE9B00020DB40 /* DDDModel.m */; };
		DE3128071A1EE4D70020DB40 /* mock_story.json in Resources */ = {isa = PBXBuildFile; fileRef = DE3128031A1EE4D70020DB40 /* mock_story.json */; };
		DE3128081A1EE4D70020DB40 /* mock_comment.json in Resources */ = {isa = PBXBuildFile; fileRef = DE3128041A1EE4D70020DB40 /* mock_comment.json */; };
		DE3128091A1EE4D70020DB40 /* mock_poll.json in Resources */ = {isa = PBXBuildFile; fileRef = DE3128051A1EE4D70020DB40 /* mock_poll.json */; };
		DE31280A1A1EE4D70020DB40 /* DDDHackerNewsItemTests.m in Sources */ = {isa = PBXBuildFile; fileRef = DE3128061A1EE4D70020DB40 /* DDDHackerNewsItemTests.m */; };
		DE31280D1A1EE4E20020DB40 /* DDDHackerNewsComment.m in Sources */ = {isa = PBXBuildFile; fileRef = DE31280C1A1EE4E20020DB40 /* DDDHackerNewsComment.m */; };
		DE3962561A2BB9A2009EEB82 /* DDDStoryTransitionModel.m in Sources */ = {isa = PBXBuildFile; fileRef = DE3962551A2BB9A2009EEB82 /* DDDStoryTransitionModel.m */; };
		DE475D931A1ADB1600970E87 /* main.m in Sources */ = {isa = PBXBuildFile; fileRef = DE475D921A1ADB1600970E87 /* main.m */; };
		DE475D961A1ADB1600970E87 /* AppDelegate.m in Sources */ = {isa = PBXBuildFile; fileRef = DE475D951A1ADB1600970E87 /* AppDelegate.m */; };
		DE475D9E1A1ADB1600970E87 /* Images.xcassets in Resources */ = {isa = PBXBuildFile; fileRef = DE475D9D1A1ADB1600970E87 /* Images.xcassets */; };
		DE475DA11A1ADB1600970E87 /* LaunchScreen.xib in Resources */ = {isa = PBXBuildFile; fileRef = DE475D9F1A1ADB1600970E87 /* LaunchScreen.xib */; };
		DE53D4061A5FE4C600A8B06A /* DDDStoryDisplayViewModel.m in Sources */ = {isa = PBXBuildFile; fileRef = DE53D4051A5FE4C600A8B06A /* DDDStoryDisplayViewModel.m */; };
		DE53D42D1A5FF12300A8B06A /* DDDScreen.m in Sources */ = {isa = PBXBuildFile; fileRef = DE53D4101A5FF12300A8B06A /* DDDScreen.m */; };
		DE53D42E1A5FF12300A8B06A /* DDDTransitionAttributes.m in Sources */ = {isa = PBXBuildFile; fileRef = DE53D4121A5FF12300A8B06A /* DDDTransitionAttributes.m */; };
		DE53D42F1A5FF12300A8B06A /* DDDViewControllerRouter.m in Sources */ = {isa = PBXBuildFile; fileRef = DE53D4141A5FF12300A8B06A /* DDDViewControllerRouter.m */; };
		DE53D4301A5FF12300A8B06A /* NSDate+Utility.m in Sources */ = {isa = PBXBuildFile; fileRef = DE53D4191A5FF12300A8B06A /* NSDate+Utility.m */; };
		DE53D4311A5FF12300A8B06A /* NSDictionary+DDDAdditions.m in Sources */ = {isa = PBXBuildFile; fileRef = DE53D41B1A5FF12300A8B06A /* NSDictionary+DDDAdditions.m */; };
		DE53D4321A5FF12300A8B06A /* NSMutableArray+Modification.m in Sources */ = {isa = PBXBuildFile; fileRef = DE53D41D1A5FF12300A8B06A /* NSMutableArray+Modification.m */; };
		DE53D4331A5FF12300A8B06A /* NSObject+Introspection.m in Sources */ = {isa = PBXBuildFile; fileRef = DE53D41F1A5FF12300A8B06A /* NSObject+Introspection.m */; };
		DE53D4341A5FF12300A8B06A /* UIColor+DDDAdditions.m in Sources */ = {isa = PBXBuildFile; fileRef = DE53D4211A5FF12300A8B06A /* UIColor+DDDAdditions.m */; };
		DE53D4351A5FF12300A8B06A /* UIView+SSAdditions.m in Sources */ = {isa = PBXBuildFile; fileRef = DE53D4231A5FF12300A8B06A /* UIView+SSAdditions.m */; };
		DE53D4361A5FF12300A8B06A /* DDDCollectionViewCellSizingHelper.m in Sources */ = {isa = PBXBuildFile; fileRef = DE53D4261A5FF12300A8B06A /* DDDCollectionViewCellSizingHelper.m */; };
		DE53D4371A5FF12300A8B06A /* DDDFileOperationHelpers.m in Sources */ = {isa = PBXBuildFile; fileRef = DE53D4281A5FF12300A8B06A /* DDDFileOperationHelpers.m */; };
		DE53D4381A5FF12300A8B06A /* CommentsStoryboard.storyboard in Resources */ = {isa = PBXBuildFile; fileRef = DE53D42A1A5FF12300A8B06A /* CommentsStoryboard.storyboard */; };
		DE53D4391A5FF12300A8B06A /* DetailStoryboard.storyboard in Resources */ = {isa = PBXBuildFile; fileRef = DE53D42B1A5FF12300A8B06A /* DetailStoryboard.storyboard */; };
		DE53D43A1A5FF12300A8B06A /* TopStoriesStoryboard.storyboard in Resources */ = {isa = PBXBuildFile; fileRef = DE53D42C1A5FF12300A8B06A /* TopStoriesStoryboard.storyboard */; };
		DE53D4461A5FF13500A8B06A /* DDDCollectionViewCell.m in Sources */ = {isa = PBXBuildFile; fileRef = DE53D43E1A5FF13500A8B06A /* DDDCollectionViewCell.m */; };
		DE53D4471A5FF13500A8B06A /* DDDCommentCollectionViewCell.xib in Resources */ = {isa = PBXBuildFile; fileRef = DE53D43F1A5FF13500A8B06A /* DDDCommentCollectionViewCell.xib */; };
		DE53D4481A5FF13500A8B06A /* DDDHackerNewsItemCollectionViewCell.m in Sources */ = {isa = PBXBuildFile; fileRef = DE53D4411A5FF13500A8B06A /* DDDHackerNewsItemCollectionViewCell.m */; };
		DE53D4491A5FF13500A8B06A /* DDDHackerNewsItemCollectionViewCell.xib in Resources */ = {isa = PBXBuildFile; fileRef = DE53D4421A5FF13500A8B06A /* DDDHackerNewsItemCollectionViewCell.xib */; };
		DE53D46C1A5FF14B00A8B06A /* DDDCommentCollectionViewCell.m in Sources */ = {isa = PBXBuildFile; fileRef = DE53D4501A5FF14A00A8B06A /* DDDCommentCollectionViewCell.m */; };
		DE53D46D1A5FF14B00A8B06A /* DDDCommentsViewController.m in Sources */ = {isa = PBXBuildFile; fileRef = DE53D4521A5FF14A00A8B06A /* DDDCommentsViewController.m */; };
		DE53D46E1A5FF14B00A8B06A /* DDDCommentTreeInfo.m in Sources */ = {isa = PBXBuildFile; fileRef = DE53D4541A5FF14A00A8B06A /* DDDCommentTreeInfo.m */; };
		DE53D46F1A5FF14B00A8B06A /* DDDContentViewController.m in Sources */ = {isa = PBXBuildFile; fileRef = DE53D4561A5FF14A00A8B06A /* DDDContentViewController.m */; };
		DE53D4701A5FF14B00A8B06A /* DDDMainViewController.m in Sources */ = {isa = PBXBuildFile; fileRef = DE53D4581A5FF14A00A8B06A /* DDDMainViewController.m */; };
		DE53D4711A5FF14B00A8B06A /* DDDViewController.m in Sources */ = {isa = PBXBuildFile; fileRef = DE53D45A1A5FF14A00A8B06A /* DDDViewController.m */; };
		DE53D4721A5FF14B00A8B06A /* DDDBouncyCollectionViewFlowLayout.m in Sources */ = {isa = PBXBuildFile; fileRef = DE53D45D1A5FF14A00A8B06A /* DDDBouncyCollectionViewFlowLayout.m */; };
		DE53D4731A5FF14B00A8B06A /* DDDCommentsCollectionViewFlowLayout.m in Sources */ = {isa = PBXBuildFile; fileRef = DE53D45F1A5FF14A00A8B06A /* DDDCommentsCollectionViewFlowLayout.m */; };
		DE53D4741A5FF14B00A8B06A /* DDDStoryDetailViewController.m in Sources */ = {isa = PBXBuildFile; fileRef = DE53D4631A5FF14A00A8B06A /* DDDStoryDetailViewController.m */; };
		DE53D4751A5FF14B00A8B06A /* DDDStoryDisplayViewController.m in Sources */ = {isa = PBXBuildFile; fileRef = DE53D4671A5FF14A00A8B06A /* DDDStoryDisplayViewController.m */; };
		DE53D4761A5FF14B00A8B06A /* DDDTopStoriesViewController.m in Sources */ = {isa = PBXBuildFile; fileRef = DE53D46A1A5FF14A00A8B06A /* DDDTopStoriesViewController.m */; };
		DE55040D1A4CB240003B4CEC /* DDDCommentsViewModel.m in Sources */ = {isa = PBXBuildFile; fileRef = DE55040C1A4CB240003B4CEC /* DDDCommentsViewModel.m */; };
		DE61ADA61A9A659D00714D5A /* DDDLoadingCollectionReusableView.m in Sources */ = {isa = PBXBuildFile; fileRef = DE61ADA41A9A659D00714D5A /* DDDLoadingCollectionReusableView.m */; };
		DE61ADA71A9A659D00714D5A /* DDDLoadingCollectionReusableView.xib in Resources */ = {isa = PBXBuildFile; fileRef = DE61ADA51A9A659D00714D5A /* DDDLoadingCollectionReusableView.xib */; };
		DE62AC381A1EE98600692CB8 /* mock_story.json in Resources */ = {isa = PBXBuildFile; fileRef = DE3128031A1EE4D70020DB40 /* mock_story.json */; };
		DE62AC391A1EE98600692CB8 /* mock_comment.json in Resources */ = {isa = PBXBuildFile; fileRef = DE3128041A1EE4D70020DB40 /* mock_comment.json */; };
		DE62AC3A1A1EE98600692CB8 /* mock_poll.json in Resources */ = {isa = PBXBuildFile; fileRef = DE3128051A1EE4D70020DB40 /* mock_poll.json */; };
		DE62AC481A20FD5300692CB8 /* DDDLiveDataServices.m in Sources */ = {isa = PBXBuildFile; fileRef = DE62AC461A20FD5300692CB8 /* DDDLiveDataServices.m */; };
		DE62AC491A20FD5300692CB8 /* ServicesConfiguration.json in Resources */ = {isa = PBXBuildFile; fileRef = DE62AC471A20FD5300692CB8 /* ServicesConfiguration.json */; };
		DE62AC4D1A21010200692CB8 /* Configuration.json in Resources */ = {isa = PBXBuildFile; fileRef = DE62AC4C1A21010200692CB8 /* Configuration.json */; };
		DE62AC531A213D5F00692CB8 /* DDDHackernewsItemResponseSerializer.m in Sources */ = {isa = PBXBuildFile; fileRef = DE62AC521A213D5F00692CB8 /* DDDHackernewsItemResponseSerializer.m */; };
		DE6F01BB1A845BDA0084953A /* DDDHackernewsUserItemCollectionViewCell.m in Sources */ = {isa = PBXBuildFile; fileRef = DE6F01BA1A845BDA0084953A /* DDDHackernewsUserItemCollectionViewCell.m */; };
		DE6F01BD1A845BEA0084953A /* DDDHackernewsUserItemCollectionViewCell.xib in Resources */ = {isa = PBXBuildFile; fileRef = DE6F01BC1A845BEA0084953A /* DDDHackernewsUserItemCollectionViewCell.xib */; };
		DE9517E41A23E2B90068FAD8 /* DDDTopStoriesViewModel.m in Sources */ = {isa = PBXBuildFile; fileRef = DE9517E31A23E2B90068FAD8 /* DDDTopStoriesViewModel.m */; };
		DE9517E71A23E9510068FAD8 /* DDDArrayInsertionDeletion.m in Sources */ = {isa = PBXBuildFile; fileRef = DE9517E61A23E9510068FAD8 /* DDDArrayInsertionDeletion.m */; };
		DE9665B11A26DF4700A40A1A /* DDDHackerNewsItem.m in Sources */ = {isa = PBXBuildFile; fileRef = DE9665B01A26DF4700A40A1A /* DDDHackerNewsItem.m */; };
		DE9C82691A6100D000B738AB /* Main.storyboard in Resources */ = {isa = PBXBuildFile; fileRef = DE9C82681A6100D000B738AB /* Main.storyboard */; };
		DEB22DD21A52656E0027E36D /* mock_getcomments.json in Resources */ = {isa = PBXBuildFile; fileRef = DEB22DD11A52656E0027E36D /* mock_getcomments.json */; };
		DEB22DD41A5267590027E36D /* TestConfiguration.json in Resources */ = {isa = PBXBuildFile; fileRef = DEB22DD31A5267590027E36D /* TestConfiguration.json */; };
		DEB22DD61A52676F0027E36D /* TestServicesConfiguration.json in Resources */ = {isa = PBXBuildFile; fileRef = DEB22DD51A52676F0027E36D /* TestServicesConfiguration.json */; };
		DEB590401AAE4389002D7603 /* DDDNoContentView.m in Sources */ = {isa = PBXBuildFile; fileRef = DEB5903F1AAE4389002D7603 /* DDDNoContentView.m */; };
		DEB590421AAE43B1002D7603 /* DDDNoContentView.xib in Resources */ = {isa = PBXBuildFile; fileRef = DEB590411AAE43B1002D7603 /* DDDNoContentView.xib */; };
		DEBE3B771A561A5400AA194F /* mock_getcomments.json in Resources */ = {isa = PBXBuildFile; fileRef = DEB22DD11A52656E0027E36D /* mock_getcomments.json */; };
		DEC57A7E1A2AA33F00D89A96 /* DDDStoryDetailViewModel.m in Sources */ = {isa = PBXBuildFile; fileRef = DEC57A7D1A2AA33F00D89A96 /* DDDStoryDetailViewModel.m */; };
		DEE038EE1A2294AE00979793 /* DDDReactiveServicesTests.m in Sources */ = {isa = PBXBuildFile; fileRef = DEE038ED1A2294AE00979793 /* DDDReactiveServicesTests.m */; };
		DEE8F5DD1AD0754300C8026B /* NSLayoutConstraint+Utility.m in Sources */ = {isa = PBXBuildFile; fileRef = DEE8F5DC1AD0754300C8026B /* NSLayoutConstraint+Utility.m */; };
		F97A5A941ACB008B004B71D6 /* DDDRightNavigationView.m in Sources */ = {isa = PBXBuildFile; fileRef = F97A5A931ACB008B004B71D6 /* DDDRightNavigationView.m */; };
		F97A5A961ACB009E004B71D6 /* DDDRightNavigationView.xib in Resources */ = {isa = PBXBuildFile; fileRef = F97A5A951ACB009E004B71D6 /* DDDRightNavigationView.xib */; };
		F97A5A991ACB18D3004B71D6 /* UIView+Utility.m in Sources */ = {isa = PBXBuildFile; fileRef = F97A5A981ACB18D3004B71D6 /* UIView+Utility.m */; };
/* End PBXBuildFile section */

/* Begin PBXContainerItemProxy section */
		DE475DA71A1ADB1600970E87 /* PBXContainerItemProxy */ = {
			isa = PBXContainerItemProxy;
			containerPortal = DE475D851A1ADB1600970E87 /* Project object */;
			proxyType = 1;
			remoteGlobalIDString = DE475D8C1A1ADB1600970E87;
			remoteInfo = Hakken;
		};
/* End PBXContainerItemProxy section */

/* Begin PBXFileReference section */
		17E13FDE2A17657834EED75B /* Pods.debug.xcconfig */ = {isa = PBXFileReference; includeInIndex = 1; lastKnownFileType = text.xcconfig; name = Pods.debug.xcconfig; path = "Pods/Target Support Files/Pods/Pods.debug.xcconfig"; sourceTree = "<group>"; };
		3E05C83E7EC8DC7CD175FE1B /* Pods.release.xcconfig */ = {isa = PBXFileReference; includeInIndex = 1; lastKnownFileType = text.xcconfig; name = Pods.release.xcconfig; path = "Pods/Target Support Files/Pods/Pods.release.xcconfig"; sourceTree = "<group>"; };
		DC4B92414FD761527F22666A /* libPods.a */ = {isa = PBXFileReference; explicitFileType = archive.ar; includeInIndex = 0; path = libPods.a; sourceTree = BUILT_PRODUCTS_DIR; };
		DE0755B41A79F751005170D6 /* UIPanGestureRecognizer+Helpers.h */ = {isa = PBXFileReference; fileEncoding = 4; lastKnownFileType = sourcecode.c.h; path = "UIPanGestureRecognizer+Helpers.h"; sourceTree = "<group>"; };
		DE0755B51A79F751005170D6 /* UIPanGestureRecognizer+Helpers.m */ = {isa = PBXFileReference; fileEncoding = 4; lastKnownFileType = sourcecode.c.objc; path = "UIPanGestureRecognizer+Helpers.m"; sourceTree = "<group>"; };
		DE0755B91A7D5667005170D6 /* DDDHakkenReadLater.h */ = {isa = PBXFileReference; fileEncoding = 4; lastKnownFileType = sourcecode.c.h; path = DDDHakkenReadLater.h; sourceTree = "<group>"; };
		DE0755BA1A7D7C59005170D6 /* DDDHakkenReadLaterManager.h */ = {isa = PBXFileReference; fileEncoding = 4; lastKnownFileType = sourcecode.c.h; path = DDDHakkenReadLaterManager.h; sourceTree = "<group>"; };
		DE0755BB1A7D7C59005170D6 /* DDDHakkenReadLaterManager.m */ = {isa = PBXFileReference; fileEncoding = 4; lastKnownFileType = sourcecode.c.objc; path = DDDHakkenReadLaterManager.m; sourceTree = "<group>"; };
		DE0755BD1A7D7F1F005170D6 /* DDDHakkenReadLaterInformation.h */ = {isa = PBXFileReference; fileEncoding = 4; lastKnownFileType = sourcecode.c.h; path = DDDHakkenReadLaterInformation.h; sourceTree = "<group>"; };
		DE0755BE1A7D7F1F005170D6 /* DDDHakkenReadLaterInformation.m */ = {isa = PBXFileReference; fileEncoding = 4; lastKnownFileType = sourcecode.c.objc; path = DDDHakkenReadLaterInformation.m; sourceTree = "<group>"; };
		DE0755C01A7ECE1F005170D6 /* RLMResults+DDDHelpers.h */ = {isa = PBXFileReference; fileEncoding = 4; lastKnownFileType = sourcecode.c.h; path = "RLMResults+DDDHelpers.h"; sourceTree = "<group>"; };
		DE0755C11A7ECE1F005170D6 /* RLMResults+DDDHelpers.m */ = {isa = PBXFileReference; fileEncoding = 4; lastKnownFileType = sourcecode.c.objc; path = "RLMResults+DDDHelpers.m"; sourceTree = "<group>"; };
		DE0755C31A7EDF73005170D6 /* DDDReadLaterViewController.h */ = {isa = PBXFileReference; fileEncoding = 4; lastKnownFileType = sourcecode.c.h; name = DDDReadLaterViewController.h; path = ../DDDReadLaterViewController.h; sourceTree = "<group>"; };
		DE0755C41A7EDF73005170D6 /* DDDReadLaterViewController.m */ = {isa = PBXFileReference; fileEncoding = 4; lastKnownFileType = sourcecode.c.objc; name = DDDReadLaterViewController.m; path = ../DDDReadLaterViewController.m; sourceTree = "<group>"; };
		DE0755C61A7EE219005170D6 /* DDDReadLaterViewModel.h */ = {isa = PBXFileReference; fileEncoding = 4; lastKnownFileType = sourcecode.c.h; path = DDDReadLaterViewModel.h; sourceTree = "<group>"; };
		DE0755C71A7EE219005170D6 /* DDDReadLaterViewModel.m */ = {isa = PBXFileReference; fileEncoding = 4; lastKnownFileType = sourcecode.c.objc; path = DDDReadLaterViewModel.m; sourceTree = "<group>"; };
		DE124AB61A4B516B00337342 /* mock_top_stories.json */ = {isa = PBXFileReference; fileEncoding = 4; lastKnownFileType = text.json; path = mock_top_stories.json; sourceTree = "<group>"; };
		DE124AB91A4B526A00337342 /* DDDServices.h */ = {isa = PBXFileReference; fileEncoding = 4; lastKnownFileType = sourcecode.c.h; path = DDDServices.h; sourceTree = "<group>"; };
		DE124ABA1A4B537B00337342 /* DDDDataServices.h */ = {isa = PBXFileReference; fileEncoding = 4; lastKnownFileType = sourcecode.c.h; path = DDDDataServices.h; sourceTree = "<group>"; };
		DE124ABB1A4B537B00337342 /* DDDDataServices.m */ = {isa = PBXFileReference; fileEncoding = 4; lastKnownFileType = sourcecode.c.objc; path = DDDDataServices.m; sourceTree = "<group>"; };
		DE124ABE1A4B570400337342 /* DDDMockDataServices.h */ = {isa = PBXFileReference; fileEncoding = 4; lastKnownFileType = sourcecode.c.h; path = DDDMockDataServices.h; sourceTree = "<group>"; };
		DE124ABF1A4B570400337342 /* DDDMockDataServices.m */ = {isa = PBXFileReference; fileEncoding = 4; lastKnownFileType = sourcecode.c.objc; path = DDDMockDataServices.m; sourceTree = "<group>"; };
		DE24307C1AD8A64600F05838 /* Crashlytics.framework */ = {isa = PBXFileReference; lastKnownFileType = wrapper.framework; path = Crashlytics.framework; sourceTree = "<group>"; };
		DE24307D1AD8A64600F05838 /* Fabric.framework */ = {isa = PBXFileReference; lastKnownFileType = wrapper.framework; path = Fabric.framework; sourceTree = "<group>"; };
		DE2430801AE2CEA600F05838 /* UINavigationBar+Styling.h */ = {isa = PBXFileReference; fileEncoding = 4; lastKnownFileType = sourcecode.c.h; path = "UINavigationBar+Styling.h"; sourceTree = "<group>"; };
		DE2430811AE2CEA600F05838 /* UINavigationBar+Styling.m */ = {isa = PBXFileReference; fileEncoding = 4; lastKnownFileType = sourcecode.c.objc; path = "UINavigationBar+Styling.m"; sourceTree = "<group>"; };
		DE3127DC1A1ADC380020DB40 /* DDDViewModel.h */ = {isa = PBXFileReference; fileEncoding = 4; lastKnownFileType = sourcecode.c.h; path = DDDViewModel.h; sourceTree = "<group>"; };
		DE3127DD1A1ADC380020DB40 /* DDDViewModel.m */ = {isa = PBXFileReference; fileEncoding = 4; lastKnownFileType = sourcecode.c.objc; path = DDDViewModel.m; sourceTree = "<group>"; };
		DE3127E51A1AE9B00020DB40 /* DDDModel.h */ = {isa = PBXFileReference; fileEncoding = 4; lastKnownFileType = sourcecode.c.h; path = DDDModel.h; sourceTree = "<group>"; };
		DE3127E61A1AE9B00020DB40 /* DDDModel.m */ = {isa = PBXFileReference; fileEncoding = 4; lastKnownFileType = sourcecode.c.objc; path = DDDModel.m; sourceTree = "<group>"; };
		DE3127E91A1AEC0A0020DB40 /* Hakken-Prefix.pch */ = {isa = PBXFileReference; fileEncoding = 4; lastKnownFileType = sourcecode.c.h; path = "Hakken-Prefix.pch"; sourceTree = "<group>"; };
		DE3128031A1EE4D70020DB40 /* mock_story.json */ = {isa = PBXFileReference; fileEncoding = 4; lastKnownFileType = text.json; path = mock_story.json; sourceTree = "<group>"; };
		DE3128041A1EE4D70020DB40 /* mock_comment.json */ = {isa = PBXFileReference; fileEncoding = 4; lastKnownFileType = text.json; path = mock_comment.json; sourceTree = "<group>"; };
		DE3128051A1EE4D70020DB40 /* mock_poll.json */ = {isa = PBXFileReference; fileEncoding = 4; lastKnownFileType = text.json; path = mock_poll.json; sourceTree = "<group>"; };
		DE3128061A1EE4D70020DB40 /* DDDHackerNewsItemTests.m */ = {isa = PBXFileReference; fileEncoding = 4; lastKnownFileType = sourcecode.c.objc; path = DDDHackerNewsItemTests.m; sourceTree = "<group>"; };
		DE31280B1A1EE4E20020DB40 /* DDDHackerNewsComment.h */ = {isa = PBXFileReference; fileEncoding = 4; lastKnownFileType = sourcecode.c.h; path = DDDHackerNewsComment.h; sourceTree = "<group>"; };
		DE31280C1A1EE4E20020DB40 /* DDDHackerNewsComment.m */ = {isa = PBXFileReference; fileEncoding = 4; lastKnownFileType = sourcecode.c.objc; path = DDDHackerNewsComment.m; sourceTree = "<group>"; };
		DE3962541A2BB9A2009EEB82 /* DDDStoryTransitionModel.h */ = {isa = PBXFileReference; fileEncoding = 4; lastKnownFileType = sourcecode.c.h; path = DDDStoryTransitionModel.h; sourceTree = "<group>"; };
		DE3962551A2BB9A2009EEB82 /* DDDStoryTransitionModel.m */ = {isa = PBXFileReference; fileEncoding = 4; lastKnownFileType = sourcecode.c.objc; path = DDDStoryTransitionModel.m; sourceTree = "<group>"; };
		DE475D8D1A1ADB1600970E87 /* Hakken.app */ = {isa = PBXFileReference; explicitFileType = wrapper.application; includeInIndex = 0; path = Hakken.app; sourceTree = BUILT_PRODUCTS_DIR; };
		DE475D911A1ADB1600970E87 /* Info.plist */ = {isa = PBXFileReference; lastKnownFileType = text.plist.xml; path = Info.plist; sourceTree = "<group>"; };
		DE475D921A1ADB1600970E87 /* main.m */ = {isa = PBXFileReference; lastKnownFileType = sourcecode.c.objc; path = main.m; sourceTree = "<group>"; };
		DE475D941A1ADB1600970E87 /* AppDelegate.h */ = {isa = PBXFileReference; lastKnownFileType = sourcecode.c.h; path = AppDelegate.h; sourceTree = "<group>"; };
		DE475D951A1ADB1600970E87 /* AppDelegate.m */ = {isa = PBXFileReference; lastKnownFileType = sourcecode.c.objc; path = AppDelegate.m; sourceTree = "<group>"; };
		DE475D9D1A1ADB1600970E87 /* Images.xcassets */ = {isa = PBXFileReference; lastKnownFileType = folder.assetcatalog; path = Images.xcassets; sourceTree = "<group>"; };
		DE475DA01A1ADB1600970E87 /* Base */ = {isa = PBXFileReference; lastKnownFileType = file.xib; name = Base; path = Base.lproj/LaunchScreen.xib; sourceTree = "<group>"; };
		DE475DA61A1ADB1600970E87 /* HakkenTests.xctest */ = {isa = PBXFileReference; explicitFileType = wrapper.cfbundle; includeInIndex = 0; path = HakkenTests.xctest; sourceTree = BUILT_PRODUCTS_DIR; };
		DE475DAB1A1ADB1600970E87 /* Info.plist */ = {isa = PBXFileReference; lastKnownFileType = text.plist.xml; path = Info.plist; sourceTree = "<group>"; };
		DE53D4041A5FE4C600A8B06A /* DDDStoryDisplayViewModel.h */ = {isa = PBXFileReference; fileEncoding = 4; lastKnownFileType = sourcecode.c.h; name = DDDStoryDisplayViewModel.h; path = "Hakken/View Models/DDDStoryDisplayViewModel.h"; sourceTree = SOURCE_ROOT; };
		DE53D4051A5FE4C600A8B06A /* DDDStoryDisplayViewModel.m */ = {isa = PBXFileReference; fileEncoding = 4; lastKnownFileType = sourcecode.c.objc; name = DDDStoryDisplayViewModel.m; path = "Hakken/View Models/DDDStoryDisplayViewModel.m"; sourceTree = SOURCE_ROOT; };
		DE53D40F1A5FF12300A8B06A /* DDDScreen.h */ = {isa = PBXFileReference; fileEncoding = 4; lastKnownFileType = sourcecode.c.h; path = DDDScreen.h; sourceTree = "<group>"; };
		DE53D4101A5FF12300A8B06A /* DDDScreen.m */ = {isa = PBXFileReference; fileEncoding = 4; lastKnownFileType = sourcecode.c.objc; path = DDDScreen.m; sourceTree = "<group>"; };
		DE53D4111A5FF12300A8B06A /* DDDTransitionAttributes.h */ = {isa = PBXFileReference; fileEncoding = 4; lastKnownFileType = sourcecode.c.h; path = DDDTransitionAttributes.h; sourceTree = "<group>"; };
		DE53D4121A5FF12300A8B06A /* DDDTransitionAttributes.m */ = {isa = PBXFileReference; fileEncoding = 4; lastKnownFileType = sourcecode.c.objc; path = DDDTransitionAttributes.m; sourceTree = "<group>"; };
		DE53D4131A5FF12300A8B06A /* DDDViewControllerRouter.h */ = {isa = PBXFileReference; fileEncoding = 4; lastKnownFileType = sourcecode.c.h; path = DDDViewControllerRouter.h; sourceTree = "<group>"; };
		DE53D4141A5FF12300A8B06A /* DDDViewControllerRouter.m */ = {isa = PBXFileReference; fileEncoding = 4; lastKnownFileType = sourcecode.c.objc; path = DDDViewControllerRouter.m; sourceTree = "<group>"; };
		DE53D4171A5FF12300A8B06A /* DDDCategories.h */ = {isa = PBXFileReference; fileEncoding = 4; lastKnownFileType = sourcecode.c.h; path = DDDCategories.h; sourceTree = "<group>"; };
		DE53D4181A5FF12300A8B06A /* NSDate+Utility.h */ = {isa = PBXFileReference; fileEncoding = 4; lastKnownFileType = sourcecode.c.h; path = "NSDate+Utility.h"; sourceTree = "<group>"; };
		DE53D4191A5FF12300A8B06A /* NSDate+Utility.m */ = {isa = PBXFileReference; fileEncoding = 4; lastKnownFileType = sourcecode.c.objc; path = "NSDate+Utility.m"; sourceTree = "<group>"; };
		DE53D41A1A5FF12300A8B06A /* NSDictionary+DDDAdditions.h */ = {isa = PBXFileReference; fileEncoding = 4; lastKnownFileType = sourcecode.c.h; path = "NSDictionary+DDDAdditions.h"; sourceTree = "<group>"; };
		DE53D41B1A5FF12300A8B06A /* NSDictionary+DDDAdditions.m */ = {isa = PBXFileReference; fileEncoding = 4; lastKnownFileType = sourcecode.c.objc; path = "NSDictionary+DDDAdditions.m"; sourceTree = "<group>"; };
		DE53D41C1A5FF12300A8B06A /* NSMutableArray+Modification.h */ = {isa = PBXFileReference; fileEncoding = 4; lastKnownFileType = sourcecode.c.h; path = "NSMutableArray+Modification.h"; sourceTree = "<group>"; };
		DE53D41D1A5FF12300A8B06A /* NSMutableArray+Modification.m */ = {isa = PBXFileReference; fileEncoding = 4; lastKnownFileType = sourcecode.c.objc; path = "NSMutableArray+Modification.m"; sourceTree = "<group>"; };
		DE53D41E1A5FF12300A8B06A /* NSObject+Introspection.h */ = {isa = PBXFileReference; fileEncoding = 4; lastKnownFileType = sourcecode.c.h; path = "NSObject+Introspection.h"; sourceTree = "<group>"; };
		DE53D41F1A5FF12300A8B06A /* NSObject+Introspection.m */ = {isa = PBXFileReference; fileEncoding = 4; lastKnownFileType = sourcecode.c.objc; path = "NSObject+Introspection.m"; sourceTree = "<group>"; };
		DE53D4201A5FF12300A8B06A /* UIColor+DDDAdditions.h */ = {isa = PBXFileReference; fileEncoding = 4; lastKnownFileType = sourcecode.c.h; path = "UIColor+DDDAdditions.h"; sourceTree = "<group>"; };
		DE53D4211A5FF12300A8B06A /* UIColor+DDDAdditions.m */ = {isa = PBXFileReference; fileEncoding = 4; lastKnownFileType = sourcecode.c.objc; path = "UIColor+DDDAdditions.m"; sourceTree = "<group>"; };
		DE53D4221A5FF12300A8B06A /* UIView+SSAdditions.h */ = {isa = PBXFileReference; fileEncoding = 4; lastKnownFileType = sourcecode.c.h; path = "UIView+SSAdditions.h"; sourceTree = "<group>"; };
		DE53D4231A5FF12300A8B06A /* UIView+SSAdditions.m */ = {isa = PBXFileReference; fileEncoding = 4; lastKnownFileType = sourcecode.c.objc; path = "UIView+SSAdditions.m"; sourceTree = "<group>"; };
		DE53D4251A5FF12300A8B06A /* DDDCollectionViewCellSizingHelper.h */ = {isa = PBXFileReference; fileEncoding = 4; lastKnownFileType = sourcecode.c.h; path = DDDCollectionViewCellSizingHelper.h; sourceTree = "<group>"; };
		DE53D4261A5FF12300A8B06A /* DDDCollectionViewCellSizingHelper.m */ = {isa = PBXFileReference; fileEncoding = 4; lastKnownFileType = sourcecode.c.objc; path = DDDCollectionViewCellSizingHelper.m; sourceTree = "<group>"; };
		DE53D4271A5FF12300A8B06A /* DDDFileOperationHelpers.h */ = {isa = PBXFileReference; fileEncoding = 4; lastKnownFileType = sourcecode.c.h; path = DDDFileOperationHelpers.h; sourceTree = "<group>"; };
		DE53D4281A5FF12300A8B06A /* DDDFileOperationHelpers.m */ = {isa = PBXFileReference; fileEncoding = 4; lastKnownFileType = sourcecode.c.objc; path = DDDFileOperationHelpers.m; sourceTree = "<group>"; };
		DE53D42A1A5FF12300A8B06A /* CommentsStoryboard.storyboard */ = {isa = PBXFileReference; fileEncoding = 4; lastKnownFileType = file.storyboard; path = CommentsStoryboard.storyboard; sourceTree = "<group>"; };
		DE53D42B1A5FF12300A8B06A /* DetailStoryboard.storyboard */ = {isa = PBXFileReference; fileEncoding = 4; lastKnownFileType = file.storyboard; path = DetailStoryboard.storyboard; sourceTree = "<group>"; };
		DE53D42C1A5FF12300A8B06A /* TopStoriesStoryboard.storyboard */ = {isa = PBXFileReference; fileEncoding = 4; lastKnownFileType = file.storyboard; path = TopStoriesStoryboard.storyboard; sourceTree = "<group>"; };
		DE53D43D1A5FF13500A8B06A /* DDDCollectionViewCell.h */ = {isa = PBXFileReference; fileEncoding = 4; lastKnownFileType = sourcecode.c.h; path = DDDCollectionViewCell.h; sourceTree = "<group>"; };
		DE53D43E1A5FF13500A8B06A /* DDDCollectionViewCell.m */ = {isa = PBXFileReference; fileEncoding = 4; lastKnownFileType = sourcecode.c.objc; path = DDDCollectionViewCell.m; sourceTree = "<group>"; };
		DE53D43F1A5FF13500A8B06A /* DDDCommentCollectionViewCell.xib */ = {isa = PBXFileReference; fileEncoding = 4; lastKnownFileType = file.xib; path = DDDCommentCollectionViewCell.xib; sourceTree = "<group>"; };
		DE53D4401A5FF13500A8B06A /* DDDHackerNewsItemCollectionViewCell.h */ = {isa = PBXFileReference; fileEncoding = 4; lastKnownFileType = sourcecode.c.h; path = DDDHackerNewsItemCollectionViewCell.h; sourceTree = "<group>"; };
		DE53D4411A5FF13500A8B06A /* DDDHackerNewsItemCollectionViewCell.m */ = {isa = PBXFileReference; fileEncoding = 4; lastKnownFileType = sourcecode.c.objc; path = DDDHackerNewsItemCollectionViewCell.m; sourceTree = "<group>"; };
		DE53D4421A5FF13500A8B06A /* DDDHackerNewsItemCollectionViewCell.xib */ = {isa = PBXFileReference; fileEncoding = 4; lastKnownFileType = file.xib; path = DDDHackerNewsItemCollectionViewCell.xib; sourceTree = "<group>"; };
		DE53D44E1A5FF14A00A8B06A /* CommentsStoryboardIdentifiers.h */ = {isa = PBXFileReference; fileEncoding = 4; lastKnownFileType = sourcecode.c.h; path = CommentsStoryboardIdentifiers.h; sourceTree = "<group>"; };
		DE53D44F1A5FF14A00A8B06A /* DDDCommentCollectionViewCell.h */ = {isa = PBXFileReference; fileEncoding = 4; lastKnownFileType = sourcecode.c.h; name = DDDCommentCollectionViewCell.h; path = "../../View Controllers/Comments/DDDCommentCollectionViewCell.h"; sourceTree = "<group>"; };
		DE53D4501A5FF14A00A8B06A /* DDDCommentCollectionViewCell.m */ = {isa = PBXFileReference; fileEncoding = 4; lastKnownFileType = sourcecode.c.objc; name = DDDCommentCollectionViewCell.m; path = "../../View Controllers/Comments/DDDCommentCollectionViewCell.m"; sourceTree = "<group>"; };
		DE53D4511A5FF14A00A8B06A /* DDDCommentsViewController.h */ = {isa = PBXFileReference; fileEncoding = 4; lastKnownFileType = sourcecode.c.h; path = DDDCommentsViewController.h; sourceTree = "<group>"; };
		DE53D4521A5FF14A00A8B06A /* DDDCommentsViewController.m */ = {isa = PBXFileReference; fileEncoding = 4; lastKnownFileType = sourcecode.c.objc; path = DDDCommentsViewController.m; sourceTree = "<group>"; };
		DE53D4531A5FF14A00A8B06A /* DDDCommentTreeInfo.h */ = {isa = PBXFileReference; fileEncoding = 4; lastKnownFileType = sourcecode.c.h; path = DDDCommentTreeInfo.h; sourceTree = "<group>"; };
		DE53D4541A5FF14A00A8B06A /* DDDCommentTreeInfo.m */ = {isa = PBXFileReference; fileEncoding = 4; lastKnownFileType = sourcecode.c.objc; path = DDDCommentTreeInfo.m; sourceTree = "<group>"; };
		DE53D4551A5FF14A00A8B06A /* DDDContentViewController.h */ = {isa = PBXFileReference; fileEncoding = 4; lastKnownFileType = sourcecode.c.h; path = DDDContentViewController.h; sourceTree = "<group>"; };
		DE53D4561A5FF14A00A8B06A /* DDDContentViewController.m */ = {isa = PBXFileReference; fileEncoding = 4; lastKnownFileType = sourcecode.c.objc; path = DDDContentViewController.m; sourceTree = "<group>"; };
		DE53D4571A5FF14A00A8B06A /* DDDMainViewController.h */ = {isa = PBXFileReference; fileEncoding = 4; lastKnownFileType = sourcecode.c.h; path = DDDMainViewController.h; sourceTree = "<group>"; };
		DE53D4581A5FF14A00A8B06A /* DDDMainViewController.m */ = {isa = PBXFileReference; fileEncoding = 4; lastKnownFileType = sourcecode.c.objc; path = DDDMainViewController.m; sourceTree = "<group>"; };
		DE53D4591A5FF14A00A8B06A /* DDDViewController.h */ = {isa = PBXFileReference; fileEncoding = 4; lastKnownFileType = sourcecode.c.h; path = DDDViewController.h; sourceTree = "<group>"; };
		DE53D45A1A5FF14A00A8B06A /* DDDViewController.m */ = {isa = PBXFileReference; fileEncoding = 4; lastKnownFileType = sourcecode.c.objc; path = DDDViewController.m; sourceTree = "<group>"; };
		DE53D45C1A5FF14A00A8B06A /* DDDBouncyCollectionViewFlowLayout.h */ = {isa = PBXFileReference; fileEncoding = 4; lastKnownFileType = sourcecode.c.h; path = DDDBouncyCollectionViewFlowLayout.h; sourceTree = "<group>"; };
		DE53D45D1A5FF14A00A8B06A /* DDDBouncyCollectionViewFlowLayout.m */ = {isa = PBXFileReference; fileEncoding = 4; lastKnownFileType = sourcecode.c.objc; path = DDDBouncyCollectionViewFlowLayout.m; sourceTree = "<group>"; };
		DE53D45E1A5FF14A00A8B06A /* DDDCommentsCollectionViewFlowLayout.h */ = {isa = PBXFileReference; fileEncoding = 4; lastKnownFileType = sourcecode.c.h; path = DDDCommentsCollectionViewFlowLayout.h; sourceTree = "<group>"; };
		DE53D45F1A5FF14A00A8B06A /* DDDCommentsCollectionViewFlowLayout.m */ = {isa = PBXFileReference; fileEncoding = 4; lastKnownFileType = sourcecode.c.objc; path = DDDCommentsCollectionViewFlowLayout.m; sourceTree = "<group>"; };
		DE53D4601A5FF14A00A8B06A /* MainStoryboardIdentifiers.h */ = {isa = PBXFileReference; fileEncoding = 4; lastKnownFileType = sourcecode.c.h; path = MainStoryboardIdentifiers.h; sourceTree = "<group>"; };
		DE53D4621A5FF14A00A8B06A /* DDDStoryDetailViewController.h */ = {isa = PBXFileReference; fileEncoding = 4; lastKnownFileType = sourcecode.c.h; path = DDDStoryDetailViewController.h; sourceTree = "<group>"; };
		DE53D4631A5FF14A00A8B06A /* DDDStoryDetailViewController.m */ = {isa = PBXFileReference; fileEncoding = 4; lastKnownFileType = sourcecode.c.objc; path = DDDStoryDetailViewController.m; sourceTree = "<group>"; };
		DE53D4641A5FF14A00A8B06A /* DetailStoryboardIdentifiers.h */ = {isa = PBXFileReference; fileEncoding = 4; lastKnownFileType = sourcecode.c.h; path = DetailStoryboardIdentifiers.h; sourceTree = "<group>"; };
		DE53D4661A5FF14A00A8B06A /* DDDStoryDisplayViewController.h */ = {isa = PBXFileReference; fileEncoding = 4; lastKnownFileType = sourcecode.c.h; path = DDDStoryDisplayViewController.h; sourceTree = "<group>"; };
		DE53D4671A5FF14A00A8B06A /* DDDStoryDisplayViewController.m */ = {isa = PBXFileReference; fileEncoding = 4; lastKnownFileType = sourcecode.c.objc; path = DDDStoryDisplayViewController.m; sourceTree = "<group>"; };
		DE53D4691A5FF14A00A8B06A /* DDDTopStoriesViewController.h */ = {isa = PBXFileReference; fileEncoding = 4; lastKnownFileType = sourcecode.c.h; path = DDDTopStoriesViewController.h; sourceTree = "<group>"; };
		DE53D46A1A5FF14A00A8B06A /* DDDTopStoriesViewController.m */ = {isa = PBXFileReference; fileEncoding = 4; lastKnownFileType = sourcecode.c.objc; path = DDDTopStoriesViewController.m; sourceTree = "<group>"; };
		DE53D46B1A5FF14A00A8B06A /* TopStoryStoryboardIdentifiers.h */ = {isa = PBXFileReference; fileEncoding = 4; lastKnownFileType = sourcecode.c.h; path = TopStoryStoryboardIdentifiers.h; sourceTree = "<group>"; };
		DE55040B1A4CB240003B4CEC /* DDDCommentsViewModel.h */ = {isa = PBXFileReference; fileEncoding = 4; lastKnownFileType = sourcecode.c.h; path = DDDCommentsViewModel.h; sourceTree = "<group>"; };
		DE55040C1A4CB240003B4CEC /* DDDCommentsViewModel.m */ = {isa = PBXFileReference; fileEncoding = 4; lastKnownFileType = sourcecode.c.objc; path = DDDCommentsViewModel.m; sourceTree = "<group>"; };
		DE61ADA31A9A659D00714D5A /* DDDLoadingCollectionReusableView.h */ = {isa = PBXFileReference; fileEncoding = 4; lastKnownFileType = sourcecode.c.h; path = DDDLoadingCollectionReusableView.h; sourceTree = "<group>"; };
		DE61ADA41A9A659D00714D5A /* DDDLoadingCollectionReusableView.m */ = {isa = PBXFileReference; fileEncoding = 4; lastKnownFileType = sourcecode.c.objc; path = DDDLoadingCollectionReusableView.m; sourceTree = "<group>"; };
		DE61ADA51A9A659D00714D5A /* DDDLoadingCollectionReusableView.xib */ = {isa = PBXFileReference; fileEncoding = 4; lastKnownFileType = file.xib; path = DDDLoadingCollectionReusableView.xib; sourceTree = "<group>"; };
		DE62AC451A20FD5300692CB8 /* DDDLiveDataServices.h */ = {isa = PBXFileReference; fileEncoding = 4; lastKnownFileType = sourcecode.c.h; path = DDDLiveDataServices.h; sourceTree = "<group>"; };
		DE62AC461A20FD5300692CB8 /* DDDLiveDataServices.m */ = {isa = PBXFileReference; fileEncoding = 4; lastKnownFileType = sourcecode.c.objc; path = DDDLiveDataServices.m; sourceTree = "<group>"; };
		DE62AC471A20FD5300692CB8 /* ServicesConfiguration.json */ = {isa = PBXFileReference; fileEncoding = 4; lastKnownFileType = text.json; path = ServicesConfiguration.json; sourceTree = "<group>"; };
		DE62AC4C1A21010200692CB8 /* Configuration.json */ = {isa = PBXFileReference; fileEncoding = 4; lastKnownFileType = text.json; path = Configuration.json; sourceTree = "<group>"; };
		DE62AC511A213D5F00692CB8 /* DDDHackernewsItemResponseSerializer.h */ = {isa = PBXFileReference; fileEncoding = 4; lastKnownFileType = sourcecode.c.h; path = DDDHackernewsItemResponseSerializer.h; sourceTree = "<group>"; };
		DE62AC521A213D5F00692CB8 /* DDDHackernewsItemResponseSerializer.m */ = {isa = PBXFileReference; fileEncoding = 4; lastKnownFileType = sourcecode.c.objc; path = DDDHackernewsItemResponseSerializer.m; sourceTree = "<group>"; };
		DE663F9B1A269B4B00E80DA7 /* DDDHackerNewsItem.h */ = {isa = PBXFileReference; fileEncoding = 4; lastKnownFileType = sourcecode.c.h; path = DDDHackerNewsItem.h; sourceTree = "<group>"; };
		DE6F01B91A845BDA0084953A /* DDDHackernewsUserItemCollectionViewCell.h */ = {isa = PBXFileReference; fileEncoding = 4; lastKnownFileType = sourcecode.c.h; path = DDDHackernewsUserItemCollectionViewCell.h; sourceTree = "<group>"; };
		DE6F01BA1A845BDA0084953A /* DDDHackernewsUserItemCollectionViewCell.m */ = {isa = PBXFileReference; fileEncoding = 4; lastKnownFileType = sourcecode.c.objc; path = DDDHackernewsUserItemCollectionViewCell.m; sourceTree = "<group>"; };
		DE6F01BC1A845BEA0084953A /* DDDHackernewsUserItemCollectionViewCell.xib */ = {isa = PBXFileReference; fileEncoding = 4; lastKnownFileType = file.xib; path = DDDHackernewsUserItemCollectionViewCell.xib; sourceTree = "<group>"; };
		DE9517E21A23E2B90068FAD8 /* DDDTopStoriesViewModel.h */ = {isa = PBXFileReference; fileEncoding = 4; lastKnownFileType = sourcecode.c.h; path = DDDTopStoriesViewModel.h; sourceTree = "<group>"; };
		DE9517E31A23E2B90068FAD8 /* DDDTopStoriesViewModel.m */ = {isa = PBXFileReference; fileEncoding = 4; lastKnownFileType = sourcecode.c.objc; path = DDDTopStoriesViewModel.m; sourceTree = "<group>"; };
		DE9517E51A23E9510068FAD8 /* DDDArrayInsertionDeletion.h */ = {isa = PBXFileReference; fileEncoding = 4; lastKnownFileType = sourcecode.c.h; path = DDDArrayInsertionDeletion.h; sourceTree = "<group>"; };
		DE9517E61A23E9510068FAD8 /* DDDArrayInsertionDeletion.m */ = {isa = PBXFileReference; fileEncoding = 4; lastKnownFileType = sourcecode.c.objc; path = DDDArrayInsertionDeletion.m; sourceTree = "<group>"; };
		DE9665B01A26DF4700A40A1A /* DDDHackerNewsItem.m */ = {isa = PBXFileReference; fileEncoding = 4; lastKnownFileType = sourcecode.c.objc; path = DDDHackerNewsItem.m; sourceTree = "<group>"; };
		DE9C82681A6100D000B738AB /* Main.storyboard */ = {isa = PBXFileReference; fileEncoding = 4; lastKnownFileType = file.storyboard; path = Main.storyboard; sourceTree = "<group>"; };
		DEB22DD11A52656E0027E36D /* mock_getcomments.json */ = {isa = PBXFileReference; fileEncoding = 4; lastKnownFileType = text.json; path = mock_getcomments.json; sourceTree = "<group>"; };
		DEB22DD31A5267590027E36D /* TestConfiguration.json */ = {isa = PBXFileReference; fileEncoding = 4; lastKnownFileType = text.json; path = TestConfiguration.json; sourceTree = "<group>"; };
		DEB22DD51A52676F0027E36D /* TestServicesConfiguration.json */ = {isa = PBXFileReference; fileEncoding = 4; lastKnownFileType = text.json; path = TestServicesConfiguration.json; sourceTree = "<group>"; };
		DEB5903E1AAE4389002D7603 /* DDDNoContentView.h */ = {isa = PBXFileReference; fileEncoding = 4; lastKnownFileType = sourcecode.c.h; path = DDDNoContentView.h; sourceTree = "<group>"; };
		DEB5903F1AAE4389002D7603 /* DDDNoContentView.m */ = {isa = PBXFileReference; fileEncoding = 4; lastKnownFileType = sourcecode.c.objc; path = DDDNoContentView.m; sourceTree = "<group>"; };
		DEB590411AAE43B1002D7603 /* DDDNoContentView.xib */ = {isa = PBXFileReference; fileEncoding = 4; lastKnownFileType = file.xib; path = DDDNoContentView.xib; sourceTree = "<group>"; };
		DEC57A7C1A2AA33F00D89A96 /* DDDStoryDetailViewModel.h */ = {isa = PBXFileReference; fileEncoding = 4; lastKnownFileType = sourcecode.c.h; path = DDDStoryDetailViewModel.h; sourceTree = "<group>"; };
		DEC57A7D1A2AA33F00D89A96 /* DDDStoryDetailViewModel.m */ = {isa = PBXFileReference; fileEncoding = 4; lastKnownFileType = sourcecode.c.objc; path = DDDStoryDetailViewModel.m; sourceTree = "<group>"; };
		DEE038ED1A2294AE00979793 /* DDDReactiveServicesTests.m */ = {isa = PBXFileReference; fileEncoding = 4; lastKnownFileType = sourcecode.c.objc; path = DDDReactiveServicesTests.m; sourceTree = "<group>"; };
		DEE8F5DB1AD0754300C8026B /* NSLayoutConstraint+Utility.h */ = {isa = PBXFileReference; fileEncoding = 4; lastKnownFileType = sourcecode.c.h; path = "NSLayoutConstraint+Utility.h"; sourceTree = "<group>"; };
		DEE8F5DC1AD0754300C8026B /* NSLayoutConstraint+Utility.m */ = {isa = PBXFileReference; fileEncoding = 4; lastKnownFileType = sourcecode.c.objc; path = "NSLayoutConstraint+Utility.m"; sourceTree = "<group>"; };
		F97A5A921ACB008B004B71D6 /* DDDRightNavigationView.h */ = {isa = PBXFileReference; fileEncoding = 4; lastKnownFileType = sourcecode.c.h; path = DDDRightNavigationView.h; sourceTree = "<group>"; };
		F97A5A931ACB008B004B71D6 /* DDDRightNavigationView.m */ = {isa = PBXFileReference; fileEncoding = 4; lastKnownFileType = sourcecode.c.objc; path = DDDRightNavigationView.m; sourceTree = "<group>"; };
		F97A5A951ACB009E004B71D6 /* DDDRightNavigationView.xib */ = {isa = PBXFileReference; fileEncoding = 4; lastKnownFileType = file.xib; path = DDDRightNavigationView.xib; sourceTree = "<group>"; };
		F97A5A971ACB18D3004B71D6 /* UIView+Utility.h */ = {isa = PBXFileReference; fileEncoding = 4; lastKnownFileType = sourcecode.c.h; path = "UIView+Utility.h"; sourceTree = "<group>"; };
		F97A5A981ACB18D3004B71D6 /* UIView+Utility.m */ = {isa = PBXFileReference; fileEncoding = 4; lastKnownFileType = sourcecode.c.objc; path = "UIView+Utility.m"; sourceTree = "<group>"; };
/* End PBXFileReference section */

/* Begin PBXFrameworksBuildPhase section */
		DE475D8A1A1ADB1600970E87 /* Frameworks */ = {
			isa = PBXFrameworksBuildPhase;
			buildActionMask = 2147483647;
			files = (
				DE24307E1AD8A64600F05838 /* Crashlytics.framework in Frameworks */,
				C2C23FCEF18EA316535B66DC /* libPods.a in Frameworks */,
				DE24307F1AD8A64600F05838 /* Fabric.framework in Frameworks */,
			);
			runOnlyForDeploymentPostprocessing = 0;
		};
		DE475DA31A1ADB1600970E87 /* Frameworks */ = {
			isa = PBXFrameworksBuildPhase;
			buildActionMask = 2147483647;
			files = (
			);
			runOnlyForDeploymentPostprocessing = 0;
		};
/* End PBXFrameworksBuildPhase section */

/* Begin PBXGroup section */
		4AEFAB96A037F3056B270F18 /* Frameworks */ = {
			isa = PBXGroup;
			children = (
				DE24307C1AD8A64600F05838 /* Crashlytics.framework */,
				DE24307D1AD8A64600F05838 /* Fabric.framework */,
				DC4B92414FD761527F22666A /* libPods.a */,
			);
			name = Frameworks;
			sourceTree = "<group>";
		};
		8A98EBCFF3C8561ADC3BD643 /* Pods */ = {
			isa = PBXGroup;
			children = (
				17E13FDE2A17657834EED75B /* Pods.debug.xcconfig */,
				3E05C83E7EC8DC7CD175FE1B /* Pods.release.xcconfig */,
			);
			name = Pods;
			sourceTree = "<group>";
		};
		DE0755B81A7D563E005170D6 /* Protocols */ = {
			isa = PBXGroup;
			children = (
				DE0755B91A7D5667005170D6 /* DDDHakkenReadLater.h */,
			);
			name = Protocols;
			sourceTree = "<group>";
		};
		DE3127D51A1ADBBD0020DB40 /* Models */ = {
			isa = PBXGroup;
			children = (
				DE663F9B1A269B4B00E80DA7 /* DDDHackerNewsItem.h */,
				DE9665B01A26DF4700A40A1A /* DDDHackerNewsItem.m */,
				DE31280B1A1EE4E20020DB40 /* DDDHackerNewsComment.h */,
				DE31280C1A1EE4E20020DB40 /* DDDHackerNewsComment.m */,
				DE3127E51A1AE9B00020DB40 /* DDDModel.h */,
				DE3127E61A1AE9B00020DB40 /* DDDModel.m */,
				DE9517E51A23E9510068FAD8 /* DDDArrayInsertionDeletion.h */,
				DE9517E61A23E9510068FAD8 /* DDDArrayInsertionDeletion.m */,
				DE3962541A2BB9A2009EEB82 /* DDDStoryTransitionModel.h */,
				DE3962551A2BB9A2009EEB82 /* DDDStoryTransitionModel.m */,
				DE0755BD1A7D7F1F005170D6 /* DDDHakkenReadLaterInformation.h */,
				DE0755BE1A7D7F1F005170D6 /* DDDHakkenReadLaterInformation.m */,
			);
			path = Models;
			sourceTree = "<group>";
		};
		DE3127D61A1ADBBD0020DB40 /* View Models */ = {
			isa = PBXGroup;
			children = (
				DE0755C61A7EE219005170D6 /* DDDReadLaterViewModel.h */,
				DE0755C71A7EE219005170D6 /* DDDReadLaterViewModel.m */,
				DE53D4041A5FE4C600A8B06A /* DDDStoryDisplayViewModel.h */,
				DE53D4051A5FE4C600A8B06A /* DDDStoryDisplayViewModel.m */,
				DE3127DC1A1ADC380020DB40 /* DDDViewModel.h */,
				DE3127DD1A1ADC380020DB40 /* DDDViewModel.m */,
				DE9517E21A23E2B90068FAD8 /* DDDTopStoriesViewModel.h */,
				DE9517E31A23E2B90068FAD8 /* DDDTopStoriesViewModel.m */,
				DEC57A7C1A2AA33F00D89A96 /* DDDStoryDetailViewModel.h */,
				DEC57A7D1A2AA33F00D89A96 /* DDDStoryDetailViewModel.m */,
				DE55040B1A4CB240003B4CEC /* DDDCommentsViewModel.h */,
				DE55040C1A4CB240003B4CEC /* DDDCommentsViewModel.m */,
			);
			path = "View Models";
			sourceTree = "<group>";
		};
		DE475D841A1ADB1600970E87 = {
			isa = PBXGroup;
			children = (
				DE475D8F1A1ADB1600970E87 /* Hakken */,
				DE475DA91A1ADB1600970E87 /* HakkenTests */,
				DE475D8E1A1ADB1600970E87 /* Products */,
				8A98EBCFF3C8561ADC3BD643 /* Pods */,
				4AEFAB96A037F3056B270F18 /* Frameworks */,
			);
			sourceTree = "<group>";
		};
		DE475D8E1A1ADB1600970E87 /* Products */ = {
			isa = PBXGroup;
			children = (
				DE475D8D1A1ADB1600970E87 /* Hakken.app */,
				DE475DA61A1ADB1600970E87 /* HakkenTests.xctest */,
			);
			name = Products;
			sourceTree = "<group>";
		};
		DE475D8F1A1ADB1600970E87 /* Hakken */ = {
			isa = PBXGroup;
			children = (
				DE53D44C1A5FF14A00A8B06A /* View Controllers */,
				DE53D43B1A5FF13500A8B06A /* Views */,
				DE53D40E1A5FF12300A8B06A /* Navigation */,
				DE53D4151A5FF12300A8B06A /* Utilities */,
				DE53D4291A5FF12300A8B06A /* Storyboards */,
				DE62AC441A20FD5300692CB8 /* Services */,
				DE3127D51A1ADBBD0020DB40 /* Models */,
				DE3127D61A1ADBBD0020DB40 /* View Models */,
				DE475D941A1ADB1600970E87 /* AppDelegate.h */,
				DE475D951A1ADB1600970E87 /* AppDelegate.m */,
				DE475D9D1A1ADB1600970E87 /* Images.xcassets */,
				DE475D9F1A1ADB1600970E87 /* LaunchScreen.xib */,
				DE475D901A1ADB1600970E87 /* Supporting Files */,
			);
			path = Hakken;
			sourceTree = "<group>";
		};
		DE475D901A1ADB1600970E87 /* Supporting Files */ = {
			isa = PBXGroup;
			children = (
				DE3127E91A1AEC0A0020DB40 /* Hakken-Prefix.pch */,
				DE475D911A1ADB1600970E87 /* Info.plist */,
				DE475D921A1ADB1600970E87 /* main.m */,
				DE62AC4C1A21010200692CB8 /* Configuration.json */,
			);
			name = "Supporting Files";
			sourceTree = "<group>";
		};
		DE475DA91A1ADB1600970E87 /* HakkenTests */ = {
			isa = PBXGroup;
			children = (
				DEB22DD31A5267590027E36D /* TestConfiguration.json */,
				DEB22DD51A52676F0027E36D /* TestServicesConfiguration.json */,
				DE124AB61A4B516B00337342 /* mock_top_stories.json */,
				DEB22DD11A52656E0027E36D /* mock_getcomments.json */,
				DE3128031A1EE4D70020DB40 /* mock_story.json */,
				DE3128041A1EE4D70020DB40 /* mock_comment.json */,
				DE3128051A1EE4D70020DB40 /* mock_poll.json */,
				DE3128061A1EE4D70020DB40 /* DDDHackerNewsItemTests.m */,
				DEE038ED1A2294AE00979793 /* DDDReactiveServicesTests.m */,
				DE475DAA1A1ADB1600970E87 /* Supporting Files */,
			);
			path = HakkenTests;
			sourceTree = "<group>";
		};
		DE475DAA1A1ADB1600970E87 /* Supporting Files */ = {
			isa = PBXGroup;
			children = (
				DE475DAB1A1ADB1600970E87 /* Info.plist */,
			);
			name = "Supporting Files";
			sourceTree = "<group>";
		};
		DE53D40E1A5FF12300A8B06A /* Navigation */ = {
			isa = PBXGroup;
			children = (
				DE53D40F1A5FF12300A8B06A /* DDDScreen.h */,
				DE53D4101A5FF12300A8B06A /* DDDScreen.m */,
				DE53D4111A5FF12300A8B06A /* DDDTransitionAttributes.h */,
				DE53D4121A5FF12300A8B06A /* DDDTransitionAttributes.m */,
				DE53D4131A5FF12300A8B06A /* DDDViewControllerRouter.h */,
				DE53D4141A5FF12300A8B06A /* DDDViewControllerRouter.m */,
			);
			path = Navigation;
			sourceTree = "<group>";
		};
		DE53D4151A5FF12300A8B06A /* Utilities */ = {
			isa = PBXGroup;
			children = (
				DE0755B81A7D563E005170D6 /* Protocols */,
				DE53D4161A5FF12300A8B06A /* Categories */,
				DE53D4241A5FF12300A8B06A /* Helpers */,
			);
			path = Utilities;
			sourceTree = "<group>";
		};
		DE53D4161A5FF12300A8B06A /* Categories */ = {
			isa = PBXGroup;
			children = (
				DE53D4171A5FF12300A8B06A /* DDDCategories.h */,
				DEE8F5DB1AD0754300C8026B /* NSLayoutConstraint+Utility.h */,
				DEE8F5DC1AD0754300C8026B /* NSLayoutConstraint+Utility.m */,
				DE53D4181A5FF12300A8B06A /* NSDate+Utility.h */,
				DE53D4191A5FF12300A8B06A /* NSDate+Utility.m */,
				DE53D41B1A5FF12300A8B06A /* NSDictionary+DDDAdditions.m */,
				DE53D41A1A5FF12300A8B06A /* NSDictionary+DDDAdditions.h */,
				DE53D41C1A5FF12300A8B06A /* NSMutableArray+Modification.h */,
				DE53D41D1A5FF12300A8B06A /* NSMutableArray+Modification.m */,
				DE53D41E1A5FF12300A8B06A /* NSObject+Introspection.h */,
				DE53D41F1A5FF12300A8B06A /* NSObject+Introspection.m */,
				DE53D4201A5FF12300A8B06A /* UIColor+DDDAdditions.h */,
				DE53D4211A5FF12300A8B06A /* UIColor+DDDAdditions.m */,
				DE53D4221A5FF12300A8B06A /* UIView+SSAdditions.h */,
				DE53D4231A5FF12300A8B06A /* UIView+SSAdditions.m */,
				DE0755C01A7ECE1F005170D6 /* RLMResults+DDDHelpers.h */,
				DE0755C11A7ECE1F005170D6 /* RLMResults+DDDHelpers.m */,
				DE0755B41A79F751005170D6 /* UIPanGestureRecognizer+Helpers.h */,
				DE0755B51A79F751005170D6 /* UIPanGestureRecognizer+Helpers.m */,
				F97A5A971ACB18D3004B71D6 /* UIView+Utility.h */,
				F97A5A981ACB18D3004B71D6 /* UIView+Utility.m */,
				DE2430801AE2CEA600F05838 /* UINavigationBar+Styling.h */,
				DE2430811AE2CEA600F05838 /* UINavigationBar+Styling.m */,
			);
			path = Categories;
			sourceTree = "<group>";
		};
		DE53D4241A5FF12300A8B06A /* Helpers */ = {
			isa = PBXGroup;
			children = (
				DE53D4251A5FF12300A8B06A /* DDDCollectionViewCellSizingHelper.h */,
				DE53D4261A5FF12300A8B06A /* DDDCollectionViewCellSizingHelper.m */,
				DE53D4271A5FF12300A8B06A /* DDDFileOperationHelpers.h */,
				DE53D4281A5FF12300A8B06A /* DDDFileOperationHelpers.m */,
			);
			path = Helpers;
			sourceTree = "<group>";
		};
		DE53D4291A5FF12300A8B06A /* Storyboards */ = {
			isa = PBXGroup;
			children = (
				DE9C82681A6100D000B738AB /* Main.storyboard */,
				DE53D42A1A5FF12300A8B06A /* CommentsStoryboard.storyboard */,
				DE53D42B1A5FF12300A8B06A /* DetailStoryboard.storyboard */,
				DE53D42C1A5FF12300A8B06A /* TopStoriesStoryboard.storyboard */,
			);
			path = Storyboards;
			sourceTree = "<group>";
		};
		DE53D43B1A5FF13500A8B06A /* Views */ = {
			isa = PBXGroup;
			children = (
				F97A5A911ACB0040004B71D6 /* Navigation */,
				DE53D43C1A5FF13500A8B06A /* Collection View Cells */,
				DE61ADA31A9A659D00714D5A /* DDDLoadingCollectionReusableView.h */,
				DE61ADA41A9A659D00714D5A /* DDDLoadingCollectionReusableView.m */,
				DE61ADA51A9A659D00714D5A /* DDDLoadingCollectionReusableView.xib */,
				DEB5903E1AAE4389002D7603 /* DDDNoContentView.h */,
				DEB5903F1AAE4389002D7603 /* DDDNoContentView.m */,
				DEB590411AAE43B1002D7603 /* DDDNoContentView.xib */,
			);
			path = Views;
			sourceTree = "<group>";
		};
		DE53D43C1A5FF13500A8B06A /* Collection View Cells */ = {
			isa = PBXGroup;
			children = (
				DE53D44F1A5FF14A00A8B06A /* DDDCommentCollectionViewCell.h */,
				DE53D4501A5FF14A00A8B06A /* DDDCommentCollectionViewCell.m */,
				DE53D43F1A5FF13500A8B06A /* DDDCommentCollectionViewCell.xib */,
				DE53D43D1A5FF13500A8B06A /* DDDCollectionViewCell.h */,
				DE53D43E1A5FF13500A8B06A /* DDDCollectionViewCell.m */,
				DE53D4401A5FF13500A8B06A /* DDDHackerNewsItemCollectionViewCell.h */,
				DE53D4411A5FF13500A8B06A /* DDDHackerNewsItemCollectionViewCell.m */,
				DE53D4421A5FF13500A8B06A /* DDDHackerNewsItemCollectionViewCell.xib */,
				DE6F01B91A845BDA0084953A /* DDDHackernewsUserItemCollectionViewCell.h */,
				DE6F01BA1A845BDA0084953A /* DDDHackernewsUserItemCollectionViewCell.m */,
				DE6F01BC1A845BEA0084953A /* DDDHackernewsUserItemCollectionViewCell.xib */,
			);
			path = "Collection View Cells";
			sourceTree = "<group>";
		};
		DE53D44C1A5FF14A00A8B06A /* View Controllers */ = {
			isa = PBXGroup;
			children = (
				DE53D44D1A5FF14A00A8B06A /* Comments */,
				DE53D4551A5FF14A00A8B06A /* DDDContentViewController.h */,
				DE53D4561A5FF14A00A8B06A /* DDDContentViewController.m */,
				DE53D4571A5FF14A00A8B06A /* DDDMainViewController.h */,
				DE53D4581A5FF14A00A8B06A /* DDDMainViewController.m */,
				DE53D4591A5FF14A00A8B06A /* DDDViewController.h */,
				DE53D45A1A5FF14A00A8B06A /* DDDViewController.m */,
				DE53D45B1A5FF14A00A8B06A /* Layouts */,
				DE53D4601A5FF14A00A8B06A /* MainStoryboardIdentifiers.h */,
				DE53D4611A5FF14A00A8B06A /* Story Detail */,
				DE53D4651A5FF14A00A8B06A /* Story Display */,
				DE53D4681A5FF14A00A8B06A /* Top Stories */,
			);
			path = "View Controllers";
			sourceTree = "<group>";
		};
		DE53D44D1A5FF14A00A8B06A /* Comments */ = {
			isa = PBXGroup;
			children = (
				DE53D44E1A5FF14A00A8B06A /* CommentsStoryboardIdentifiers.h */,
				DE53D4511A5FF14A00A8B06A /* DDDCommentsViewController.h */,
				DE53D4521A5FF14A00A8B06A /* DDDCommentsViewController.m */,
				DE53D4531A5FF14A00A8B06A /* DDDCommentTreeInfo.h */,
				DE53D4541A5FF14A00A8B06A /* DDDCommentTreeInfo.m */,
			);
			path = Comments;
			sourceTree = "<group>";
		};
		DE53D45B1A5FF14A00A8B06A /* Layouts */ = {
			isa = PBXGroup;
			children = (
				DE53D45C1A5FF14A00A8B06A /* DDDBouncyCollectionViewFlowLayout.h */,
				DE53D45D1A5FF14A00A8B06A /* DDDBouncyCollectionViewFlowLayout.m */,
				DE53D45E1A5FF14A00A8B06A /* DDDCommentsCollectionViewFlowLayout.h */,
				DE53D45F1A5FF14A00A8B06A /* DDDCommentsCollectionViewFlowLayout.m */,
			);
			path = Layouts;
			sourceTree = "<group>";
		};
		DE53D4611A5FF14A00A8B06A /* Story Detail */ = {
			isa = PBXGroup;
			children = (
				DE53D4621A5FF14A00A8B06A /* DDDStoryDetailViewController.h */,
				DE53D4631A5FF14A00A8B06A /* DDDStoryDetailViewController.m */,
				DE53D4641A5FF14A00A8B06A /* DetailStoryboardIdentifiers.h */,
			);
			path = "Story Detail";
			sourceTree = "<group>";
		};
		DE53D4651A5FF14A00A8B06A /* Story Display */ = {
			isa = PBXGroup;
			children = (
				DE0755C31A7EDF73005170D6 /* DDDReadLaterViewController.h */,
				DE0755C41A7EDF73005170D6 /* DDDReadLaterViewController.m */,
				DE53D4661A5FF14A00A8B06A /* DDDStoryDisplayViewController.h */,
				DE53D4671A5FF14A00A8B06A /* DDDStoryDisplayViewController.m */,
			);
			path = "Story Display";
			sourceTree = "<group>";
		};
		DE53D4681A5FF14A00A8B06A /* Top Stories */ = {
			isa = PBXGroup;
			children = (
				DE53D4691A5FF14A00A8B06A /* DDDTopStoriesViewController.h */,
				DE53D46A1A5FF14A00A8B06A /* DDDTopStoriesViewController.m */,
				DE53D46B1A5FF14A00A8B06A /* TopStoryStoryboardIdentifiers.h */,
			);
			path = "Top Stories";
			sourceTree = "<group>";
		};
		DE62AC441A20FD5300692CB8 /* Services */ = {
			isa = PBXGroup;
			children = (
				DE124AB91A4B526A00337342 /* DDDServices.h */,
				DE124ABA1A4B537B00337342 /* DDDDataServices.h */,
				DE124ABB1A4B537B00337342 /* DDDDataServices.m */,
				DE62AC451A20FD5300692CB8 /* DDDLiveDataServices.h */,
				DE62AC461A20FD5300692CB8 /* DDDLiveDataServices.m */,
				DE62AC471A20FD5300692CB8 /* ServicesConfiguration.json */,
				DE62AC511A213D5F00692CB8 /* DDDHackernewsItemResponseSerializer.h */,
				DE62AC521A213D5F00692CB8 /* DDDHackernewsItemResponseSerializer.m */,
				DE124ABE1A4B570400337342 /* DDDMockDataServices.h */,
				DE124ABF1A4B570400337342 /* DDDMockDataServices.m */,
				DE0755BA1A7D7C59005170D6 /* DDDHakkenReadLaterManager.h */,
				DE0755BB1A7D7C59005170D6 /* DDDHakkenReadLaterManager.m */,
			);
			path = Services;
			sourceTree = "<group>";
		};
		F97A5A911ACB0040004B71D6 /* Navigation */ = {
			isa = PBXGroup;
			children = (
				F97A5A921ACB008B004B71D6 /* DDDRightNavigationView.h */,
				F97A5A931ACB008B004B71D6 /* DDDRightNavigationView.m */,
				F97A5A951ACB009E004B71D6 /* DDDRightNavigationView.xib */,
			);
			name = Navigation;
			sourceTree = "<group>";
		};
/* End PBXGroup section */

/* Begin PBXNativeTarget section */
		DE475D8C1A1ADB1600970E87 /* Hakken */ = {
			isa = PBXNativeTarget;
			buildConfigurationList = DE475DB01A1ADB1600970E87 /* Build configuration list for PBXNativeTarget "Hakken" */;
			buildPhases = (
				04BFB6DB1F776787EF2E72EC /* Check Pods Manifest.lock */,
				DE475D891A1ADB1600970E87 /* Sources */,
				DE475D8A1A1ADB1600970E87 /* Frameworks */,
				DE475D8B1A1ADB1600970E87 /* Resources */,
				EF6575B35B3EF278267B3846 /* Copy Pods Resources */,
				DE24307B1AD8A5E400F05838 /* ShellScript */,
			);
			buildRules = (
			);
			dependencies = (
			);
			name = Hakken;
			productName = Hakken;
			productReference = DE475D8D1A1ADB1600970E87 /* Hakken.app */;
			productType = "com.apple.product-type.application";
		};
		DE475DA51A1ADB1600970E87 /* HakkenTests */ = {
			isa = PBXNativeTarget;
			buildConfigurationList = DE475DB31A1ADB1600970E87 /* Build configuration list for PBXNativeTarget "HakkenTests" */;
			buildPhases = (
				DE475DA21A1ADB1600970E87 /* Sources */,
				DE475DA31A1ADB1600970E87 /* Frameworks */,
				DE475DA41A1ADB1600970E87 /* Resources */,
			);
			buildRules = (
			);
			dependencies = (
				DE475DA81A1ADB1600970E87 /* PBXTargetDependency */,
			);
			name = HakkenTests;
			productName = HakkenTests;
			productReference = DE475DA61A1ADB1600970E87 /* HakkenTests.xctest */;
			productType = "com.apple.product-type.bundle.unit-test";
		};
/* End PBXNativeTarget section */

/* Begin PBXProject section */
		DE475D851A1ADB1600970E87 /* Project object */ = {
			isa = PBXProject;
			attributes = {
				LastUpgradeCheck = 0610;
				ORGANIZATIONNAME = dotdotdot;
				TargetAttributes = {
					DE475D8C1A1ADB1600970E87 = {
						CreatedOnToolsVersion = 6.1;
						DevelopmentTeam = S6WS4PD5A7;
					};
					DE475DA51A1ADB1600970E87 = {
						CreatedOnToolsVersion = 6.1;
						TestTargetID = DE475D8C1A1ADB1600970E87;
					};
				};
			};
			buildConfigurationList = DE475D881A1ADB1600970E87 /* Build configuration list for PBXProject "Hakken" */;
			compatibilityVersion = "Xcode 3.2";
			developmentRegion = English;
			hasScannedForEncodings = 0;
			knownRegions = (
				en,
				Base,
			);
			mainGroup = DE475D841A1ADB1600970E87;
			productRefGroup = DE475D8E1A1ADB1600970E87 /* Products */;
			projectDirPath = "";
			projectRoot = "";
			targets = (
				DE475D8C1A1ADB1600970E87 /* Hakken */,
				DE475DA51A1ADB1600970E87 /* HakkenTests */,
			);
		};
/* End PBXProject section */

/* Begin PBXResourcesBuildPhase section */
		DE475D8B1A1ADB1600970E87 /* Resources */ = {
			isa = PBXResourcesBuildPhase;
			buildActionMask = 2147483647;
			files = (
				DEBE3B771A561A5400AA194F /* mock_getcomments.json in Resources */,
				DE6F01BD1A845BEA0084953A /* DDDHackernewsUserItemCollectionViewCell.xib in Resources */,
				DE62AC381A1EE98600692CB8 /* mock_story.json in Resources */,
				DE124AB71A4B516B00337342 /* mock_top_stories.json in Resources */,
				DE53D4491A5FF13500A8B06A /* DDDHackerNewsItemCollectionViewCell.xib in Resources */,
				DE53D4391A5FF12300A8B06A /* DetailStoryboard.storyboard in Resources */,
				DE62AC391A1EE98600692CB8 /* mock_comment.json in Resources */,
				DE62AC4D1A21010200692CB8 /* Configuration.json in Resources */,
				DE62AC491A20FD5300692CB8 /* ServicesConfiguration.json in Resources */,
				DE61ADA71A9A659D00714D5A /* DDDLoadingCollectionReusableView.xib in Resources */,
				DE62AC3A1A1EE98600692CB8 /* mock_poll.json in Resources */,
				DEB590421AAE43B1002D7603 /* DDDNoContentView.xib in Resources */,
				DE53D4381A5FF12300A8B06A /* CommentsStoryboard.storyboard in Resources */,
				DE475DA11A1ADB1600970E87 /* LaunchScreen.xib in Resources */,
				DE9C82691A6100D000B738AB /* Main.storyboard in Resources */,
				DE475D9E1A1ADB1600970E87 /* Images.xcassets in Resources */,
				F97A5A961ACB009E004B71D6 /* DDDRightNavigationView.xib in Resources */,
				DE53D4471A5FF13500A8B06A /* DDDCommentCollectionViewCell.xib in Resources */,
				DE53D43A1A5FF12300A8B06A /* TopStoriesStoryboard.storyboard in Resources */,
			);
			runOnlyForDeploymentPostprocessing = 0;
		};
		DE475DA41A1ADB1600970E87 /* Resources */ = {
			isa = PBXResourcesBuildPhase;
			buildActionMask = 2147483647;
			files = (
				DE124AB81A4B516B00337342 /* mock_top_stories.json in Resources */,
				DEB22DD61A52676F0027E36D /* TestServicesConfiguration.json in Resources */,
				DE3128071A1EE4D70020DB40 /* mock_story.json in Resources */,
				DE3128091A1EE4D70020DB40 /* mock_poll.json in Resources */,
				DEB22DD21A52656E0027E36D /* mock_getcomments.json in Resources */,
				DEB22DD41A5267590027E36D /* TestConfiguration.json in Resources */,
				DE3128081A1EE4D70020DB40 /* mock_comment.json in Resources */,
			);
			runOnlyForDeploymentPostprocessing = 0;
		};
/* End PBXResourcesBuildPhase section */

/* Begin PBXShellScriptBuildPhase section */
		04BFB6DB1F776787EF2E72EC /* Check Pods Manifest.lock */ = {
			isa = PBXShellScriptBuildPhase;
			buildActionMask = 2147483647;
			files = (
			);
			inputPaths = (
			);
			name = "Check Pods Manifest.lock";
			outputPaths = (
			);
			runOnlyForDeploymentPostprocessing = 0;
			shellPath = /bin/sh;
			shellScript = "diff \"${PODS_ROOT}/../Podfile.lock\" \"${PODS_ROOT}/Manifest.lock\" > /dev/null\nif [[ $? != 0 ]] ; then\n    cat << EOM\nerror: The sandbox is not in sync with the Podfile.lock. Run 'pod install' or update your CocoaPods installation.\nEOM\n    exit 1\nfi\n";
			showEnvVarsInLog = 0;
		};
		DE24307B1AD8A5E400F05838 /* ShellScript */ = {
			isa = PBXShellScriptBuildPhase;
			buildActionMask = 2147483647;
			files = (
			);
			inputPaths = (
			);
			outputPaths = (
			);
			runOnlyForDeploymentPostprocessing = 0;
			shellPath = /bin/sh;
			shellScript = "./Fabric.framework/run 8f7b9cd25db07a44be756a881a17a96e04944c4b 092f028b18363cfff807ed427d3e456474871411d3a3f9fe8e26a84ca1407e74";
		};
		EF6575B35B3EF278267B3846 /* Copy Pods Resources */ = {
			isa = PBXShellScriptBuildPhase;
			buildActionMask = 2147483647;
			files = (
			);
			inputPaths = (
			);
			name = "Copy Pods Resources";
			outputPaths = (
			);
			runOnlyForDeploymentPostprocessing = 0;
			shellPath = /bin/sh;
			shellScript = "\"${SRCROOT}/Pods/Target Support Files/Pods/Pods-resources.sh\"\n";
			showEnvVarsInLog = 0;
		};
/* End PBXShellScriptBuildPhase section */

/* Begin PBXSourcesBuildPhase section */
		DE475D891A1ADB1600970E87 /* Sources */ = {
			isa = PBXSourcesBuildPhase;
			buildActionMask = 2147483647;
			files = (
				DE53D4701A5FF14B00A8B06A /* DDDMainViewController.m in Sources */,
				DE53D4711A5FF14B00A8B06A /* DDDViewController.m in Sources */,
				DE9517E71A23E9510068FAD8 /* DDDArrayInsertionDeletion.m in Sources */,
				DEC57A7E1A2AA33F00D89A96 /* DDDStoryDetailViewModel.m in Sources */,
				DE53D46E1A5FF14B00A8B06A /* DDDCommentTreeInfo.m in Sources */,
				DE124AC01A4B570400337342 /* DDDMockDataServices.m in Sources */,
				DE475D961A1ADB1600970E87 /* AppDelegate.m in Sources */,
				DE53D4341A5FF12300A8B06A /* UIColor+DDDAdditions.m in Sources */,
				DE0755BC1A7D7C59005170D6 /* DDDHakkenReadLaterManager.m in Sources */,
				DE3127E71A1AE9B00020DB40 /* DDDModel.m in Sources */,
				DE53D4751A5FF14B00A8B06A /* DDDStoryDisplayViewController.m in Sources */,
				DE53D46D1A5FF14B00A8B06A /* DDDCommentsViewController.m in Sources */,
				DE53D4321A5FF12300A8B06A /* NSMutableArray+Modification.m in Sources */,
				DE124ABC1A4B537B00337342 /* DDDDataServices.m in Sources */,
				DEE8F5DD1AD0754300C8026B /* NSLayoutConstraint+Utility.m in Sources */,
				DE3127DE1A1ADC380020DB40 /* DDDViewModel.m in Sources */,
				DE31280D1A1EE4E20020DB40 /* DDDHackerNewsComment.m in Sources */,
				DE53D42E1A5FF12300A8B06A /* DDDTransitionAttributes.m in Sources */,
				DE3962561A2BB9A2009EEB82 /* DDDStoryTransitionModel.m in Sources */,
				DE53D4311A5FF12300A8B06A /* NSDictionary+DDDAdditions.m in Sources */,
				DE53D4061A5FE4C600A8B06A /* DDDStoryDisplayViewModel.m in Sources */,
				DE53D4351A5FF12300A8B06A /* UIView+SSAdditions.m in Sources */,
				DE53D4361A5FF12300A8B06A /* DDDCollectionViewCellSizingHelper.m in Sources */,
				DE2430821AE2CEA600F05838 /* UINavigationBar+Styling.m in Sources */,
				DE53D4481A5FF13500A8B06A /* DDDHackerNewsItemCollectionViewCell.m in Sources */,
				DE6F01BB1A845BDA0084953A /* DDDHackernewsUserItemCollectionViewCell.m in Sources */,
				DE53D4741A5FF14B00A8B06A /* DDDStoryDetailViewController.m in Sources */,
				DE53D4721A5FF14B00A8B06A /* DDDBouncyCollectionViewFlowLayout.m in Sources */,
				F97A5A991ACB18D3004B71D6 /* UIView+Utility.m in Sources */,
				DE53D4761A5FF14B00A8B06A /* DDDTopStoriesViewController.m in Sources */,
				DE9517E41A23E2B90068FAD8 /* DDDTopStoriesViewModel.m in Sources */,
				DE53D4331A5FF12300A8B06A /* NSObject+Introspection.m in Sources */,
				DE9665B11A26DF4700A40A1A /* DDDHackerNewsItem.m in Sources */,
				DE62AC481A20FD5300692CB8 /* DDDLiveDataServices.m in Sources */,
				DE0755B61A79F751005170D6 /* UIPanGestureRecognizer+Helpers.m in Sources */,
				DE53D46C1A5FF14B00A8B06A /* DDDCommentCollectionViewCell.m in Sources */,
				DEB590401AAE4389002D7603 /* DDDNoContentView.m in Sources */,
				DE0755BF1A7D7F1F005170D6 /* DDDHakkenReadLaterInformation.m in Sources */,
				DE53D46F1A5FF14B00A8B06A /* DDDContentViewController.m in Sources */,
				F97A5A941ACB008B004B71D6 /* DDDRightNavigationView.m in Sources */,
				DE53D4371A5FF12300A8B06A /* DDDFileOperationHelpers.m in Sources */,
				DE53D4461A5FF13500A8B06A /* DDDCollectionViewCell.m in Sources */,
				DE62AC531A213D5F00692CB8 /* DDDHackernewsItemResponseSerializer.m in Sources */,
				DE0755C21A7ECE1F005170D6 /* RLMResults+DDDHelpers.m in Sources */,
				DE0755C81A7EE219005170D6 /* DDDReadLaterViewModel.m in Sources */,
				DE0755C51A7EDF73005170D6 /* DDDReadLaterViewController.m in Sources */,
				DE61ADA61A9A659D00714D5A /* DDDLoadingCollectionReusableView.m in Sources */,
				DE55040D1A4CB240003B4CEC /* DDDCommentsViewModel.m in Sources */,
				DE53D4731A5FF14B00A8B06A /* DDDCommentsCollectionViewFlowLayout.m in Sources */,
				DE53D42F1A5FF12300A8B06A /* DDDViewControllerRouter.m in Sources */,
				DE53D4301A5FF12300A8B06A /* NSDate+Utility.m in Sources */,
				DE53D42D1A5FF12300A8B06A /* DDDScreen.m in Sources */,
				DE475D931A1ADB1600970E87 /* main.m in Sources */,
			);
			runOnlyForDeploymentPostprocessing = 0;
		};
		DE475DA21A1ADB1600970E87 /* Sources */ = {
			isa = PBXSourcesBuildPhase;
			buildActionMask = 2147483647;
			files = (
				DE31280A1A1EE4D70020DB40 /* DDDHackerNewsItemTests.m in Sources */,
				DE124ABD1A4B537B00337342 /* DDDDataServices.m in Sources */,
				DEE038EE1A2294AE00979793 /* DDDReactiveServicesTests.m in Sources */,
			);
			runOnlyForDeploymentPostprocessing = 0;
		};
/* End PBXSourcesBuildPhase section */

/* Begin PBXTargetDependency section */
		DE475DA81A1ADB1600970E87 /* PBXTargetDependency */ = {
			isa = PBXTargetDependency;
			target = DE475D8C1A1ADB1600970E87 /* Hakken */;
			targetProxy = DE475DA71A1ADB1600970E87 /* PBXContainerItemProxy */;
		};
/* End PBXTargetDependency section */

/* Begin PBXVariantGroup section */
		DE475D9F1A1ADB1600970E87 /* LaunchScreen.xib */ = {
			isa = PBXVariantGroup;
			children = (
				DE475DA01A1ADB1600970E87 /* Base */,
			);
			name = LaunchScreen.xib;
			sourceTree = "<group>";
		};
/* End PBXVariantGroup section */

/* Begin XCBuildConfiguration section */
		DE475DAE1A1ADB1600970E87 /* Debug */ = {
			isa = XCBuildConfiguration;
			buildSettings = {
				ALWAYS_SEARCH_USER_PATHS = NO;
				CLANG_CXX_LANGUAGE_STANDARD = "gnu++0x";
				CLANG_CXX_LIBRARY = "libc++";
				CLANG_ENABLE_MODULES = YES;
				CLANG_ENABLE_OBJC_ARC = YES;
				CLANG_WARN_BOOL_CONVERSION = YES;
				CLANG_WARN_CONSTANT_CONVERSION = YES;
				CLANG_WARN_DIRECT_OBJC_ISA_USAGE = YES_ERROR;
				CLANG_WARN_EMPTY_BODY = YES;
				CLANG_WARN_ENUM_CONVERSION = YES;
				CLANG_WARN_INT_CONVERSION = YES;
				CLANG_WARN_OBJC_ROOT_CLASS = YES_ERROR;
				CLANG_WARN_UNREACHABLE_CODE = YES;
				CLANG_WARN__DUPLICATE_METHOD_MATCH = YES;
				"CODE_SIGN_IDENTITY[sdk=iphoneos*]" = "iPhone Developer";
				COPY_PHASE_STRIP = NO;
				ENABLE_STRICT_OBJC_MSGSEND = YES;
				GCC_C_LANGUAGE_STANDARD = gnu99;
				GCC_DYNAMIC_NO_PIC = NO;
				GCC_OPTIMIZATION_LEVEL = 0;
				GCC_PREFIX_HEADER = "Hakken/Hakken-Prefix.pch";
				GCC_PREPROCESSOR_DEFINITIONS = (
					"DEBUG=1",
					"$(inherited)",
				);
				GCC_SYMBOLS_PRIVATE_EXTERN = NO;
				GCC_WARN_64_TO_32_BIT_CONVERSION = YES;
				GCC_WARN_ABOUT_RETURN_TYPE = YES_ERROR;
				GCC_WARN_UNDECLARED_SELECTOR = YES;
				GCC_WARN_UNINITIALIZED_AUTOS = YES_AGGRESSIVE;
				GCC_WARN_UNUSED_FUNCTION = YES;
				GCC_WARN_UNUSED_VARIABLE = YES;
				HEADER_SEARCH_PATHS = (
					"$(inherited)",
					/Applications/Xcode.app/Contents/Developer/Toolchains/XcodeDefault.xctoolchain/usr/include,
					"\"${PODS_ROOT}/BuildHeaders\"/**",
				);
				IPHONEOS_DEPLOYMENT_TARGET = 8.1;
				MTL_ENABLE_DEBUG_INFO = YES;
				ONLY_ACTIVE_ARCH = YES;
				SDKROOT = iphoneos;
			};
			name = Debug;
		};
		DE475DAF1A1ADB1600970E87 /* Release */ = {
			isa = XCBuildConfiguration;
			buildSettings = {
				ALWAYS_SEARCH_USER_PATHS = NO;
				CLANG_CXX_LANGUAGE_STANDARD = "gnu++0x";
				CLANG_CXX_LIBRARY = "libc++";
				CLANG_ENABLE_MODULES = YES;
				CLANG_ENABLE_OBJC_ARC = YES;
				CLANG_WARN_BOOL_CONVERSION = YES;
				CLANG_WARN_CONSTANT_CONVERSION = YES;
				CLANG_WARN_DIRECT_OBJC_ISA_USAGE = YES_ERROR;
				CLANG_WARN_EMPTY_BODY = YES;
				CLANG_WARN_ENUM_CONVERSION = YES;
				CLANG_WARN_INT_CONVERSION = YES;
				CLANG_WARN_OBJC_ROOT_CLASS = YES_ERROR;
				CLANG_WARN_UNREACHABLE_CODE = YES;
				CLANG_WARN__DUPLICATE_METHOD_MATCH = YES;
				"CODE_SIGN_IDENTITY[sdk=iphoneos*]" = "iPhone Developer";
				COPY_PHASE_STRIP = YES;
				ENABLE_NS_ASSERTIONS = NO;
				ENABLE_STRICT_OBJC_MSGSEND = YES;
				GCC_C_LANGUAGE_STANDARD = gnu99;
				GCC_PREFIX_HEADER = "Hakken/Hakken-Prefix.pch";
				GCC_WARN_64_TO_32_BIT_CONVERSION = YES;
				GCC_WARN_ABOUT_RETURN_TYPE = YES_ERROR;
				GCC_WARN_UNDECLARED_SELECTOR = YES;
				GCC_WARN_UNINITIALIZED_AUTOS = YES_AGGRESSIVE;
				GCC_WARN_UNUSED_FUNCTION = YES;
				GCC_WARN_UNUSED_VARIABLE = YES;
				HEADER_SEARCH_PATHS = (
					"$(inherited)",
					/Applications/Xcode.app/Contents/Developer/Toolchains/XcodeDefault.xctoolchain/usr/include,
					"\"${PODS_ROOT}/BuildHeaders\"/**",
				);
				IPHONEOS_DEPLOYMENT_TARGET = 8.1;
				MTL_ENABLE_DEBUG_INFO = NO;
				SDKROOT = iphoneos;
				VALIDATE_PRODUCT = YES;
			};
			name = Release;
		};
		DE475DB11A1ADB1600970E87 /* Debug */ = {
			isa = XCBuildConfiguration;
			baseConfigurationReference = 17E13FDE2A17657834EED75B /* Pods.debug.xcconfig */;
			buildSettings = {
				ASSETCATALOG_COMPILER_APPICON_NAME = AppIcon;
				ASSETCATALOG_COMPILER_LAUNCHIMAGE_NAME = LaunchImage;
				CODE_SIGN_IDENTITY = "iPhone Developer";
				"CODE_SIGN_IDENTITY[sdk=iphoneos*]" = "iPhone Developer";
				FRAMEWORK_SEARCH_PATHS = (
					"$(inherited)",
					"$(PROJECT_DIR)",
				);
				INFOPLIST_FILE = Hakken/Info.plist;
				LD_RUNPATH_SEARCH_PATHS = "$(inherited) @executable_path/Frameworks";
				PRODUCT_NAME = "$(TARGET_NAME)";
				PROVISIONING_PROFILE = "";
			};
			name = Debug;
		};
		DE475DB21A1ADB1600970E87 /* Release */ = {
			isa = XCBuildConfiguration;
			baseConfigurationReference = 3E05C83E7EC8DC7CD175FE1B /* Pods.release.xcconfig */;
			buildSettings = {
				ASSETCATALOG_COMPILER_APPICON_NAME = AppIcon;
				ASSETCATALOG_COMPILER_LAUNCHIMAGE_NAME = LaunchImage;
				CODE_SIGN_IDENTITY = "iPhone Distribution";
				"CODE_SIGN_IDENTITY[sdk=iphoneos*]" = "iPhone Distribution";
				FRAMEWORK_SEARCH_PATHS = (
					"$(inherited)",
					"$(PROJECT_DIR)",
				);
				INFOPLIST_FILE = Hakken/Info.plist;
				LD_RUNPATH_SEARCH_PATHS = "$(inherited) @executable_path/Frameworks";
				PRODUCT_NAME = "$(TARGET_NAME)";
				PROVISIONING_PROFILE = "";
			};
			name = Release;
		};
		DE475DB41A1ADB1600970E87 /* Debug */ = {
			isa = XCBuildConfiguration;
			baseConfigurationReference = 17E13FDE2A17657834EED75B /* Pods.debug.xcconfig */;
			buildSettings = {
				BUNDLE_LOADER = "$(TEST_HOST)";
				FRAMEWORK_SEARCH_PATHS = (
					"$(SDKROOT)/Developer/Library/Frameworks",
					"$(inherited)",
				);
				GCC_PREPROCESSOR_DEFINITIONS = (
					"DEBUG=1",
					"$(inherited)",
				);
				INFOPLIST_FILE = HakkenTests/Info.plist;
				LD_RUNPATH_SEARCH_PATHS = "$(inherited) @executable_path/Frameworks @loader_path/Frameworks";
				PRODUCT_NAME = "$(TARGET_NAME)";
				TEST_HOST = "$(BUILT_PRODUCTS_DIR)/Hakken.app/Hakken";
			};
			name = Debug;
		};
		DE475DB51A1ADB1600970E87 /* Release */ = {
			isa = XCBuildConfiguration;
			baseConfigurationReference = 3E05C83E7EC8DC7CD175FE1B /* Pods.release.xcconfig */;
			buildSettings = {
				BUNDLE_LOADER = "$(TEST_HOST)";
				FRAMEWORK_SEARCH_PATHS = (
					"$(SDKROOT)/Developer/Library/Frameworks",
					"$(inherited)",
				);
				INFOPLIST_FILE = HakkenTests/Info.plist;
				LD_RUNPATH_SEARCH_PATHS = "$(inherited) @executable_path/Frameworks @loader_path/Frameworks";
				PRODUCT_NAME = "$(TARGET_NAME)";
				TEST_HOST = "$(BUILT_PRODUCTS_DIR)/Hakken.app/Hakken";
			};
			name = Release;
		};
/* End XCBuildConfiguration section */

/* Begin XCConfigurationList section */
		DE475D881A1ADB1600970E87 /* Build configuration list for PBXProject "Hakken" */ = {
			isa = XCConfigurationList;
			buildConfigurations = (
				DE475DAE1A1ADB1600970E87 /* Debug */,
				DE475DAF1A1ADB1600970E87 /* Release */,
			);
			defaultConfigurationIsVisible = 0;
			defaultConfigurationName = Release;
		};
		DE475DB01A1ADB1600970E87 /* Build configuration list for PBXNativeTarget "Hakken" */ = {
			isa = XCConfigurationList;
			buildConfigurations = (
				DE475DB11A1ADB1600970E87 /* Debug */,
				DE475DB21A1ADB1600970E87 /* Release */,
			);
			defaultConfigurationIsVisible = 0;
			defaultConfigurationName = Release;
		};
		DE475DB31A1ADB1600970E87 /* Build configuration list for PBXNativeTarget "HakkenTests" */ = {
			isa = XCConfigurationList;
			buildConfigurations = (
				DE475DB41A1ADB1600970E87 /* Debug */,
				DE475DB51A1ADB1600970E87 /* Release */,
			);
			defaultConfigurationIsVisible = 0;
			defaultConfigurationName = Release;
		};
/* End XCConfigurationList section */
	};
	rootObject = DE475D851A1ADB1600970E87 /* Project object */;
}
